
Microsoft Visual Studio Solution File, Format Version 12.00
# Visual Studio Version 17
VisualStudioVersion = 17.13.35931.197
MinimumVisualStudioVersion = 10.0.40219.1
Project("{2150E333-8FDC-42A3-9474-1A3956D46DE8}") = "Solution Items", "Solution Items", "{8EC462FD-D22E-90A8-E5CE-7E832BA40C5D}"
	ProjectSection(SolutionItems) = preProject
		nuget.config = nuget.config
		README.md = README.md
	EndProjectSection
EndProject
Project("{2150E333-8FDC-42A3-9474-1A3956D46DE8}") = "ADO.NET", "ADO.NET", "{B342ED34-71C9-4C74-84C5-390191DE485F}"
EndProject
Project("{FAE04EC0-301F-11D3-BF4B-00C04F79EFBC}") = "DataProviderFactory", "ADO.NET\DataProviderFactory\DataProviderFactory.csproj", "{80713044-691A-4248-91C2-A2AD14861F13}"
EndProject
Project("{FAE04EC0-301F-11D3-BF4B-00C04F79EFBC}") = "MyConnectionFactory", "ADO.NET\MyConnectionFactory\MyConnectionFactory.csproj", "{FA143311-3283-41EB-AC58-BFE2DD30FA81}"
EndProject
Project("{FAE04EC0-301F-11D3-BF4B-00C04F79EFBC}") = "AutoLot.Client", "ADO.NET\AutoLot.Client\AutoLot.Client.csproj", "{1FF14979-8274-416F-8CDA-20F1C4343FA0}"
EndProject
Project("{FAE04EC0-301F-11D3-BF4B-00C04F79EFBC}") = "AutoLot.Dal", "ADO.NET\AutoLot.Dal\AutoLot.Dal.csproj", "{B6BF6FCB-044C-49C1-87B0-03073702321E}"
EndProject
Project("{2150E333-8FDC-42A3-9474-1A3956D46DE8}") = "ASP.NET", "ASP.NET", "{F80952A4-3F86-4525-D661-DB6A21184A74}"
EndProject
Project("{FAE04EC0-301F-11D3-BF4B-00C04F79EFBC}") = "AutoLot.Api", "ASP.NET\AutoLot.Api\AutoLot.Api.csproj", "{403EE71D-B857-4856-9051-69038DDF1995}"
EndProject
Project("{FAE04EC0-301F-11D3-BF4B-00C04F79EFBC}") = "AutoLot.Mvc", "ASP.NET\AutoLot.Mvc\AutoLot.Mvc.csproj", "{CCAA6C1C-A4FE-43DF-A77E-A43B2D754CD1}"
EndProject
Project("{FAE04EC0-301F-11D3-BF4B-00C04F79EFBC}") = "AutoLot.Services", "ASP.NET\AutoLot.Services\AutoLot.Services.csproj", "{082F8FFC-C083-4D81-9277-121062B051E2}"
EndProject
Project("{FAE04EC0-301F-11D3-BF4B-00C04F79EFBC}") = "AutoLot.Web", "ASP.NET\AutoLot.Web\AutoLot.Web.csproj", "{1A45E936-1F4B-4A61-B935-1E2867026D4C}"
EndProject
Project("{2150E333-8FDC-42A3-9474-1A3956D46DE8}") = "EF Core", "EF Core", "{11FC27E6-7041-DE29-1CD3-C769674DB63E}"
EndProject
Project("{FAE04EC0-301F-11D3-BF4B-00C04F79EFBC}") = "AutoLot.Dal.Tests", "EF Core\AutoLot.Dal.Tests\AutoLot.Dal.Tests.csproj", "{B7949DAB-CA31-4991-8E55-0ED8A3B41E6C}"
EndProject
Project("{FAE04EC0-301F-11D3-BF4B-00C04F79EFBC}") = "AutoLot.Dals", "EF Core\AutoLot.Dals\AutoLot.Dals.csproj", "{975DBA21-0213-4BA5-9ED1-EE8CF44ABC1E}"
EndProject
Project("{FAE04EC0-301F-11D3-BF4B-00C04F79EFBC}") = "AutoLot.Models", "EF Core\AutoLot.Models\AutoLot.Models.csproj", "{BF7C5830-A8CB-4171-8E78-F8A79E2D4817}"
EndProject
Project("{FAE04EC0-301F-11D3-BF4B-00C04F79EFBC}") = "AutoLot.Samples", "EF Core\AutoLot.Samples\AutoLot.Samples.csproj", "{BF08634C-7871-4342-9992-81BB1B9D5B77}"
EndProject
Project("{2150E333-8FDC-42A3-9474-1A3956D46DE8}") = "ExtendableApp", "ExtendableApp", "{1C10DC70-0DD0-1ECB-072D-46C3C0D78680}"
EndProject
Project("{FAE04EC0-301F-11D3-BF4B-00C04F79EFBC}") = "CommonSnappableTypes", "ExtendableApp\CommonSnappableTypes\CommonSnappableTypes.csproj", "{3310E005-41A6-4409-9ACC-22E2D990D945}"
EndProject
Project("{FAE04EC0-301F-11D3-BF4B-00C04F79EFBC}") = "CSharpSnapIn", "ExtendableApp\CSharpSnapIn\CSharpSnapIn.csproj", "{1674EF24-B293-43EE-A93F-5E80B3CBA67A}"
EndProject
Project("{FAE04EC0-301F-11D3-BF4B-00C04F79EFBC}") = "MyExtendableApp", "ExtendableApp\MyExtendableApp\MyExtendableApp.csproj", "{33569A0D-FD40-499F-8904-C71DAB9B4EEF}"
EndProject
Project("{F184B08F-C81C-45F6-A57F-5ABD9991F28F}") = "VBSnapIn", "ExtendableApp\VBSnapIn\VBSnapIn.vbproj", "{FAD63A3B-3C68-4E7E-BFD0-740721245171}"
EndProject
Project("{2150E333-8FDC-42A3-9474-1A3956D46DE8}") = "WPF", "WPF", "{2481DD90-4409-10B6-4FAC-38EB559C7BC3}"
EndProject
Project("{FAE04EC0-301F-11D3-BF4B-00C04F79EFBC}") = "BinaryResourcesApp", "WPF\BinaryResourcesApp\BinaryResourcesApp.csproj", "{7A37356B-0545-442C-9AAD-F192EE4E3E4C}"
EndProject
Project("{FAE04EC0-301F-11D3-BF4B-00C04F79EFBC}") = "FunWithTransforms", "WPF\FunWithTransforms\FunWithTransforms.csproj", "{58AD804E-1A85-4981-917B-04878CDD548B}"
EndProject
Project("{FAE04EC0-301F-11D3-BF4B-00C04F79EFBC}") = "MyWordPad", "WPF\MyWordPad\MyWordPad.csproj", "{6595EE38-426B-40BA-970A-39F389B573CF}"
EndProject
Project("{FAE04EC0-301F-11D3-BF4B-00C04F79EFBC}") = "RenderingWithShapes", "WPF\RenderingWithShapes\RenderingWithShapes.csproj", "{EB96BFE6-F514-4845-9413-D6438723A704}"
EndProject
Project("{FAE04EC0-301F-11D3-BF4B-00C04F79EFBC}") = "SpinningButtonAnimationApp", "WPF\SpinningButtonAnimationApp\SpinningButtonAnimationApp.csproj", "{38AB9C16-CC96-4869-B2FA-290DB1093103}"
EndProject
Project("{FAE04EC0-301F-11D3-BF4B-00C04F79EFBC}") = "TreesAndTemplatesApp", "WPF\TreesAndTemplatesApp\TreesAndTemplatesApp.csproj", "{A4A241F3-48FF-4A68-97E1-581D00731751}"
EndProject
Project("{FAE04EC0-301F-11D3-BF4B-00C04F79EFBC}") = "WpfControlsAndAPIs", "WPF\WpfControlsAndAPIs\WpfControlsAndAPIs.csproj", "{381F847A-D865-4A17-8FEB-1A58A4E77C8E}"
EndProject
Project("{FAE04EC0-301F-11D3-BF4B-00C04F79EFBC}") = "WpfNotifications", "WPF\WpfNotifications\WpfNotifications.csproj", "{6F7B2441-27E3-497E-976D-EE88F5DB1617}"
EndProject
Project("{FAE04EC0-301F-11D3-BF4B-00C04F79EFBC}") = "WpfStyles", "WPF\WpfStyles\WpfStyles.csproj", "{33976790-0C4E-4DC4-AAFF-B06287A0F1C4}"
EndProject
Project("{2150E333-8FDC-42A3-9474-1A3956D46DE8}") = "Misc", "Misc", "{C841F5C2-8F30-5BE9-ECA6-260644CF6F9F}"
EndProject
Project("{FAE04EC0-301F-11D3-BF4B-00C04F79EFBC}") = "AddWithThreads", "Misc\AddWithThreads\AddWithThreads.csproj", "{ABEB0F6D-0E22-4A62-9BAB-6908A49FC3B6}"
EndProject
Project("{FAE04EC0-301F-11D3-BF4B-00C04F79EFBC}") = "CarDelegate", "Misc\CarDelegate\CarDelegate.csproj", "{17EC48CD-FCB7-4852-8067-A85F8BA51A82}"
EndProject
Project("{FAE04EC0-301F-11D3-BF4B-00C04F79EFBC}") = "CarEvents", "Misc\CarEvents\CarEvents.csproj", "{00A0ED14-CC51-4294-9B6B-3BEC94C8B370}"
EndProject
Project("{FAE04EC0-301F-11D3-BF4B-00C04F79EFBC}") = "CarLibrary", "Misc\CarLibrary\CarLibrary.csproj", "{82E7A24C-A5D1-4553-9096-55A5ED2404FA}"
EndProject
Project("{FAE04EC0-301F-11D3-BF4B-00C04F79EFBC}") = "CSharpCarClient", "Misc\CSharpCarClient\CSharpCarClient.csproj", "{494B2B1C-5757-43EA-B979-C9EC54F1BCF1}"
EndProject
Project("{FAE04EC0-301F-11D3-BF4B-00C04F79EFBC}") = "CustomEnumerator", "Misc\CustomEnumerator\CustomEnumerator.csproj", "{2F66E7E0-6634-472E-97BF-8B383A89FBBD}"
EndProject
Project("{FAE04EC0-301F-11D3-BF4B-00C04F79EFBC}") = "DataParallelismWithForEach", "Misc\DataParallelismWithForEach\DataParallelismWithForEach.csproj", "{2FD13A3E-4E64-4E3E-9AF7-1B643392FC24}"
EndProject
Project("{FAE04EC0-301F-11D3-BF4B-00C04F79EFBC}") = "DefaultAppDomainApp", "Misc\DefaultAppDomainApp\DefaultAppDomainApp.csproj", "{229F65BC-8847-4B25-9BDB-695D8099B3A9}"
EndProject
Project("{FAE04EC0-301F-11D3-BF4B-00C04F79EFBC}") = "DirectoryApp", "Misc\DirectoryApp\DirectoryApp.csproj", "{8715D4EB-1A7C-49DA-8267-5908C744BBC2}"
EndProject
Project("{FAE04EC0-301F-11D3-BF4B-00C04F79EFBC}") = "FileStreamApp", "Misc\FileStreamApp\FileStreamApp.csproj", "{D9025174-F43B-493F-AB6E-E62677D11E9E}"
EndProject
Project("{FAE04EC0-301F-11D3-BF4B-00C04F79EFBC}") = "FunWithConfiguration", "Misc\FunWithConfiguration\FunWithConfiguration.csproj", "{C4710787-CD8C-49FC-AC98-7893D6BDB198}"
EndProject
Project("{FAE04EC0-301F-11D3-BF4B-00C04F79EFBC}") = "FunWithCSharpAsync", "Misc\FunWithCSharpAsync\FunWithCSharpAsync.csproj", "{401125EB-2797-48AA-AFD8-FC796E4271AE}"
EndProject
Project("{FAE04EC0-301F-11D3-BF4B-00C04F79EFBC}") = "LateBindingApp", "Misc\LateBindingApp\LateBindingApp.csproj", "{E5FA1E53-00C8-4480-867F-4C7EF63C76F4}"
EndProject
Project("{FAE04EC0-301F-11D3-BF4B-00C04F79EFBC}") = "LazyObjectInstantiation", "Misc\LazyObjectInstantiation\LazyObjectInstantiation.csproj", "{F0D8F746-41CC-4A1C-94A4-1C3498A34C55}"
EndProject
Project("{FAE04EC0-301F-11D3-BF4B-00C04F79EFBC}") = "MultiThreadedPrinting", "Misc\MultiThreadedPrinting\MultiThreadedPrinting.csproj", "{825634AB-1F85-4D7C-A5EB-2FDDC8CCB349}"
EndProject
Project("{FAE04EC0-301F-11D3-BF4B-00C04F79EFBC}") = "MyDirectoryWatcher", "Misc\MyDirectoryWatcher\MyDirectoryWatcher.csproj", "{2E2C3379-6B6F-49A7-A674-6E592FB3739C}"
EndProject
Project("{FAE04EC0-301F-11D3-BF4B-00C04F79EFBC}") = "MyEBookReader", "Misc\MyEBookReader\MyEBookReader.csproj", "{6D8576FC-9ADB-409C-AD42-F7696EF5E783}"
EndProject
Project("{FAE04EC0-301F-11D3-BF4B-00C04F79EFBC}") = "MyTypeViewer", "Misc\MyTypeViewer\MyTypeViewer.csproj", "{B0D7C673-C3B8-41F7-9297-0F7361E41006}"
EndProject
Project("{FAE04EC0-301F-11D3-BF4B-00C04F79EFBC}") = "ProcessManipulator", "Misc\ProcessManipulator\ProcessManipulator.csproj", "{E6DC3097-CC32-4BBB-BD79-C21709FE3CCE}"
EndProject
Project("{FAE04EC0-301F-11D3-BF4B-00C04F79EFBC}") = "SimpleMultiThreadApp", "Misc\SimpleMultiThreadApp\SimpleMultiThreadApp.csproj", "{D368DEB5-E19A-45F5-94F1-2903235EE496}"
EndProject
Project("{FAE04EC0-301F-11D3-BF4B-00C04F79EFBC}") = "TimerApp", "Misc\TimerApp\TimerApp.csproj", "{33B369B2-4FB2-49B9-B0DB-846FEE3400D9}"
EndProject
Project("{F184B08F-C81C-45F6-A57F-5ABD9991F28F}") = "VisualBasicCarClient", "Misc\VisualBasicCarClient\VisualBasicCarClient.vbproj", "{E0011757-D5E5-4C87-9928-81E3E3183D78}"
EndProject
Global
	GlobalSection(SolutionConfigurationPlatforms) = preSolution
		Debug|Any CPU = Debug|Any CPU
		Debug|x64 = Debug|x64
		Debug|x86 = Debug|x86
		Release|Any CPU = Release|Any CPU
		Release|x64 = Release|x64
		Release|x86 = Release|x86
	EndGlobalSection
	GlobalSection(ProjectConfigurationPlatforms) = postSolution
		{80713044-691A-4248-91C2-A2AD14861F13}.Debug|Any CPU.ActiveCfg = Debug|Any CPU
		{80713044-691A-4248-91C2-A2AD14861F13}.Debug|Any CPU.Build.0 = Debug|Any CPU
		{80713044-691A-4248-91C2-A2AD14861F13}.Debug|x64.ActiveCfg = Debug|Any CPU
		{80713044-691A-4248-91C2-A2AD14861F13}.Debug|x64.Build.0 = Debug|Any CPU
		{80713044-691A-4248-91C2-A2AD14861F13}.Debug|x86.ActiveCfg = Debug|Any CPU
		{80713044-691A-4248-91C2-A2AD14861F13}.Debug|x86.Build.0 = Debug|Any CPU
		{80713044-691A-4248-91C2-A2AD14861F13}.Release|Any CPU.ActiveCfg = Release|Any CPU
		{80713044-691A-4248-91C2-A2AD14861F13}.Release|Any CPU.Build.0 = Release|Any CPU
		{80713044-691A-4248-91C2-A2AD14861F13}.Release|x64.ActiveCfg = Release|Any CPU
		{80713044-691A-4248-91C2-A2AD14861F13}.Release|x64.Build.0 = Release|Any CPU
		{80713044-691A-4248-91C2-A2AD14861F13}.Release|x86.ActiveCfg = Release|Any CPU
		{80713044-691A-4248-91C2-A2AD14861F13}.Release|x86.Build.0 = Release|Any CPU
		{FA143311-3283-41EB-AC58-BFE2DD30FA81}.Debug|Any CPU.ActiveCfg = Debug|Any CPU
		{FA143311-3283-41EB-AC58-BFE2DD30FA81}.Debug|Any CPU.Build.0 = Debug|Any CPU
		{FA143311-3283-41EB-AC58-BFE2DD30FA81}.Debug|x64.ActiveCfg = Debug|Any CPU
		{FA143311-3283-41EB-AC58-BFE2DD30FA81}.Debug|x64.Build.0 = Debug|Any CPU
		{FA143311-3283-41EB-AC58-BFE2DD30FA81}.Debug|x86.ActiveCfg = Debug|Any CPU
		{FA143311-3283-41EB-AC58-BFE2DD30FA81}.Debug|x86.Build.0 = Debug|Any CPU
		{FA143311-3283-41EB-AC58-BFE2DD30FA81}.Release|Any CPU.ActiveCfg = Release|Any CPU
		{FA143311-3283-41EB-AC58-BFE2DD30FA81}.Release|Any CPU.Build.0 = Release|Any CPU
		{FA143311-3283-41EB-AC58-BFE2DD30FA81}.Release|x64.ActiveCfg = Release|Any CPU
		{FA143311-3283-41EB-AC58-BFE2DD30FA81}.Release|x64.Build.0 = Release|Any CPU
		{FA143311-3283-41EB-AC58-BFE2DD30FA81}.Release|x86.ActiveCfg = Release|Any CPU
		{FA143311-3283-41EB-AC58-BFE2DD30FA81}.Release|x86.Build.0 = Release|Any CPU
		{1FF14979-8274-416F-8CDA-20F1C4343FA0}.Debug|Any CPU.ActiveCfg = Debug|Any CPU
		{1FF14979-8274-416F-8CDA-20F1C4343FA0}.Debug|Any CPU.Build.0 = Debug|Any CPU
		{1FF14979-8274-416F-8CDA-20F1C4343FA0}.Debug|x64.ActiveCfg = Debug|Any CPU
		{1FF14979-8274-416F-8CDA-20F1C4343FA0}.Debug|x64.Build.0 = Debug|Any CPU
		{1FF14979-8274-416F-8CDA-20F1C4343FA0}.Debug|x86.ActiveCfg = Debug|Any CPU
		{1FF14979-8274-416F-8CDA-20F1C4343FA0}.Debug|x86.Build.0 = Debug|Any CPU
		{1FF14979-8274-416F-8CDA-20F1C4343FA0}.Release|Any CPU.ActiveCfg = Release|Any CPU
		{1FF14979-8274-416F-8CDA-20F1C4343FA0}.Release|Any CPU.Build.0 = Release|Any CPU
		{1FF14979-8274-416F-8CDA-20F1C4343FA0}.Release|x64.ActiveCfg = Release|Any CPU
		{1FF14979-8274-416F-8CDA-20F1C4343FA0}.Release|x64.Build.0 = Release|Any CPU
		{1FF14979-8274-416F-8CDA-20F1C4343FA0}.Release|x86.ActiveCfg = Release|Any CPU
		{1FF14979-8274-416F-8CDA-20F1C4343FA0}.Release|x86.Build.0 = Release|Any CPU
		{B6BF6FCB-044C-49C1-87B0-03073702321E}.Debug|Any CPU.ActiveCfg = Debug|Any CPU
		{B6BF6FCB-044C-49C1-87B0-03073702321E}.Debug|Any CPU.Build.0 = Debug|Any CPU
		{B6BF6FCB-044C-49C1-87B0-03073702321E}.Debug|x64.ActiveCfg = Debug|Any CPU
		{B6BF6FCB-044C-49C1-87B0-03073702321E}.Debug|x64.Build.0 = Debug|Any CPU
		{B6BF6FCB-044C-49C1-87B0-03073702321E}.Debug|x86.ActiveCfg = Debug|Any CPU
		{B6BF6FCB-044C-49C1-87B0-03073702321E}.Debug|x86.Build.0 = Debug|Any CPU
		{B6BF6FCB-044C-49C1-87B0-03073702321E}.Release|Any CPU.ActiveCfg = Release|Any CPU
		{B6BF6FCB-044C-49C1-87B0-03073702321E}.Release|Any CPU.Build.0 = Release|Any CPU
		{B6BF6FCB-044C-49C1-87B0-03073702321E}.Release|x64.ActiveCfg = Release|Any CPU
		{B6BF6FCB-044C-49C1-87B0-03073702321E}.Release|x64.Build.0 = Release|Any CPU
		{B6BF6FCB-044C-49C1-87B0-03073702321E}.Release|x86.ActiveCfg = Release|Any CPU
		{B6BF6FCB-044C-49C1-87B0-03073702321E}.Release|x86.Build.0 = Release|Any CPU
		{403EE71D-B857-4856-9051-69038DDF1995}.Debug|Any CPU.ActiveCfg = Debug|Any CPU
		{403EE71D-B857-4856-9051-69038DDF1995}.Debug|Any CPU.Build.0 = Debug|Any CPU
		{403EE71D-B857-4856-9051-69038DDF1995}.Debug|x64.ActiveCfg = Debug|Any CPU
		{403EE71D-B857-4856-9051-69038DDF1995}.Debug|x64.Build.0 = Debug|Any CPU
		{403EE71D-B857-4856-9051-69038DDF1995}.Debug|x86.ActiveCfg = Debug|Any CPU
		{403EE71D-B857-4856-9051-69038DDF1995}.Debug|x86.Build.0 = Debug|Any CPU
		{403EE71D-B857-4856-9051-69038DDF1995}.Release|Any CPU.ActiveCfg = Release|Any CPU
		{403EE71D-B857-4856-9051-69038DDF1995}.Release|Any CPU.Build.0 = Release|Any CPU
		{403EE71D-B857-4856-9051-69038DDF1995}.Release|x64.ActiveCfg = Release|Any CPU
		{403EE71D-B857-4856-9051-69038DDF1995}.Release|x64.Build.0 = Release|Any CPU
		{403EE71D-B857-4856-9051-69038DDF1995}.Release|x86.ActiveCfg = Release|Any CPU
		{403EE71D-B857-4856-9051-69038DDF1995}.Release|x86.Build.0 = Release|Any CPU
		{CCAA6C1C-A4FE-43DF-A77E-A43B2D754CD1}.Debug|Any CPU.ActiveCfg = Debug|Any CPU
		{CCAA6C1C-A4FE-43DF-A77E-A43B2D754CD1}.Debug|Any CPU.Build.0 = Debug|Any CPU
		{CCAA6C1C-A4FE-43DF-A77E-A43B2D754CD1}.Debug|x64.ActiveCfg = Debug|Any CPU
		{CCAA6C1C-A4FE-43DF-A77E-A43B2D754CD1}.Debug|x64.Build.0 = Debug|Any CPU
		{CCAA6C1C-A4FE-43DF-A77E-A43B2D754CD1}.Debug|x86.ActiveCfg = Debug|Any CPU
		{CCAA6C1C-A4FE-43DF-A77E-A43B2D754CD1}.Debug|x86.Build.0 = Debug|Any CPU
		{CCAA6C1C-A4FE-43DF-A77E-A43B2D754CD1}.Release|Any CPU.ActiveCfg = Release|Any CPU
		{CCAA6C1C-A4FE-43DF-A77E-A43B2D754CD1}.Release|Any CPU.Build.0 = Release|Any CPU
		{CCAA6C1C-A4FE-43DF-A77E-A43B2D754CD1}.Release|x64.ActiveCfg = Release|Any CPU
		{CCAA6C1C-A4FE-43DF-A77E-A43B2D754CD1}.Release|x64.Build.0 = Release|Any CPU
		{CCAA6C1C-A4FE-43DF-A77E-A43B2D754CD1}.Release|x86.ActiveCfg = Release|Any CPU
		{CCAA6C1C-A4FE-43DF-A77E-A43B2D754CD1}.Release|x86.Build.0 = Release|Any CPU
		{082F8FFC-C083-4D81-9277-121062B051E2}.Debug|Any CPU.ActiveCfg = Debug|Any CPU
		{082F8FFC-C083-4D81-9277-121062B051E2}.Debug|Any CPU.Build.0 = Debug|Any CPU
		{082F8FFC-C083-4D81-9277-121062B051E2}.Debug|x64.ActiveCfg = Debug|Any CPU
		{082F8FFC-C083-4D81-9277-121062B051E2}.Debug|x64.Build.0 = Debug|Any CPU
		{082F8FFC-C083-4D81-9277-121062B051E2}.Debug|x86.ActiveCfg = Debug|Any CPU
		{082F8FFC-C083-4D81-9277-121062B051E2}.Debug|x86.Build.0 = Debug|Any CPU
		{082F8FFC-C083-4D81-9277-121062B051E2}.Release|Any CPU.ActiveCfg = Release|Any CPU
		{082F8FFC-C083-4D81-9277-121062B051E2}.Release|Any CPU.Build.0 = Release|Any CPU
		{082F8FFC-C083-4D81-9277-121062B051E2}.Release|x64.ActiveCfg = Release|Any CPU
		{082F8FFC-C083-4D81-9277-121062B051E2}.Release|x64.Build.0 = Release|Any CPU
		{082F8FFC-C083-4D81-9277-121062B051E2}.Release|x86.ActiveCfg = Release|Any CPU
		{082F8FFC-C083-4D81-9277-121062B051E2}.Release|x86.Build.0 = Release|Any CPU
		{1A45E936-1F4B-4A61-B935-1E2867026D4C}.Debug|Any CPU.ActiveCfg = Debug|Any CPU
		{1A45E936-1F4B-4A61-B935-1E2867026D4C}.Debug|Any CPU.Build.0 = Debug|Any CPU
		{1A45E936-1F4B-4A61-B935-1E2867026D4C}.Debug|x64.ActiveCfg = Debug|Any CPU
		{1A45E936-1F4B-4A61-B935-1E2867026D4C}.Debug|x64.Build.0 = Debug|Any CPU
		{1A45E936-1F4B-4A61-B935-1E2867026D4C}.Debug|x86.ActiveCfg = Debug|Any CPU
		{1A45E936-1F4B-4A61-B935-1E2867026D4C}.Debug|x86.Build.0 = Debug|Any CPU
		{1A45E936-1F4B-4A61-B935-1E2867026D4C}.Release|Any CPU.ActiveCfg = Release|Any CPU
		{1A45E936-1F4B-4A61-B935-1E2867026D4C}.Release|Any CPU.Build.0 = Release|Any CPU
		{1A45E936-1F4B-4A61-B935-1E2867026D4C}.Release|x64.ActiveCfg = Release|Any CPU
		{1A45E936-1F4B-4A61-B935-1E2867026D4C}.Release|x64.Build.0 = Release|Any CPU
		{1A45E936-1F4B-4A61-B935-1E2867026D4C}.Release|x86.ActiveCfg = Release|Any CPU
		{1A45E936-1F4B-4A61-B935-1E2867026D4C}.Release|x86.Build.0 = Release|Any CPU
		{B7949DAB-CA31-4991-8E55-0ED8A3B41E6C}.Debug|Any CPU.ActiveCfg = Debug|Any CPU
		{B7949DAB-CA31-4991-8E55-0ED8A3B41E6C}.Debug|Any CPU.Build.0 = Debug|Any CPU
		{B7949DAB-CA31-4991-8E55-0ED8A3B41E6C}.Debug|x64.ActiveCfg = Debug|Any CPU
		{B7949DAB-CA31-4991-8E55-0ED8A3B41E6C}.Debug|x64.Build.0 = Debug|Any CPU
		{B7949DAB-CA31-4991-8E55-0ED8A3B41E6C}.Debug|x86.ActiveCfg = Debug|Any CPU
		{B7949DAB-CA31-4991-8E55-0ED8A3B41E6C}.Debug|x86.Build.0 = Debug|Any CPU
		{B7949DAB-CA31-4991-8E55-0ED8A3B41E6C}.Release|Any CPU.ActiveCfg = Release|Any CPU
		{B7949DAB-CA31-4991-8E55-0ED8A3B41E6C}.Release|Any CPU.Build.0 = Release|Any CPU
		{B7949DAB-CA31-4991-8E55-0ED8A3B41E6C}.Release|x64.ActiveCfg = Release|Any CPU
		{B7949DAB-CA31-4991-8E55-0ED8A3B41E6C}.Release|x64.Build.0 = Release|Any CPU
		{B7949DAB-CA31-4991-8E55-0ED8A3B41E6C}.Release|x86.ActiveCfg = Release|Any CPU
		{B7949DAB-CA31-4991-8E55-0ED8A3B41E6C}.Release|x86.Build.0 = Release|Any CPU
		{975DBA21-0213-4BA5-9ED1-EE8CF44ABC1E}.Debug|Any CPU.ActiveCfg = Debug|Any CPU
		{975DBA21-0213-4BA5-9ED1-EE8CF44ABC1E}.Debug|Any CPU.Build.0 = Debug|Any CPU
		{975DBA21-0213-4BA5-9ED1-EE8CF44ABC1E}.Debug|x64.ActiveCfg = Debug|Any CPU
		{975DBA21-0213-4BA5-9ED1-EE8CF44ABC1E}.Debug|x64.Build.0 = Debug|Any CPU
		{975DBA21-0213-4BA5-9ED1-EE8CF44ABC1E}.Debug|x86.ActiveCfg = Debug|Any CPU
		{975DBA21-0213-4BA5-9ED1-EE8CF44ABC1E}.Debug|x86.Build.0 = Debug|Any CPU
		{975DBA21-0213-4BA5-9ED1-EE8CF44ABC1E}.Release|Any CPU.ActiveCfg = Release|Any CPU
		{975DBA21-0213-4BA5-9ED1-EE8CF44ABC1E}.Release|Any CPU.Build.0 = Release|Any CPU
		{975DBA21-0213-4BA5-9ED1-EE8CF44ABC1E}.Release|x64.ActiveCfg = Release|Any CPU
		{975DBA21-0213-4BA5-9ED1-EE8CF44ABC1E}.Release|x64.Build.0 = Release|Any CPU
		{975DBA21-0213-4BA5-9ED1-EE8CF44ABC1E}.Release|x86.ActiveCfg = Release|Any CPU
		{975DBA21-0213-4BA5-9ED1-EE8CF44ABC1E}.Release|x86.Build.0 = Release|Any CPU
		{BF7C5830-A8CB-4171-8E78-F8A79E2D4817}.Debug|Any CPU.ActiveCfg = Debug|Any CPU
		{BF7C5830-A8CB-4171-8E78-F8A79E2D4817}.Debug|Any CPU.Build.0 = Debug|Any CPU
		{BF7C5830-A8CB-4171-8E78-F8A79E2D4817}.Debug|x64.ActiveCfg = Debug|Any CPU
		{BF7C5830-A8CB-4171-8E78-F8A79E2D4817}.Debug|x64.Build.0 = Debug|Any CPU
		{BF7C5830-A8CB-4171-8E78-F8A79E2D4817}.Debug|x86.ActiveCfg = Debug|Any CPU
		{BF7C5830-A8CB-4171-8E78-F8A79E2D4817}.Debug|x86.Build.0 = Debug|Any CPU
		{BF7C5830-A8CB-4171-8E78-F8A79E2D4817}.Release|Any CPU.ActiveCfg = Release|Any CPU
		{BF7C5830-A8CB-4171-8E78-F8A79E2D4817}.Release|Any CPU.Build.0 = Release|Any CPU
		{BF7C5830-A8CB-4171-8E78-F8A79E2D4817}.Release|x64.ActiveCfg = Release|Any CPU
		{BF7C5830-A8CB-4171-8E78-F8A79E2D4817}.Release|x64.Build.0 = Release|Any CPU
		{BF7C5830-A8CB-4171-8E78-F8A79E2D4817}.Release|x86.ActiveCfg = Release|Any CPU
		{BF7C5830-A8CB-4171-8E78-F8A79E2D4817}.Release|x86.Build.0 = Release|Any CPU
		{BF08634C-7871-4342-9992-81BB1B9D5B77}.Debug|Any CPU.ActiveCfg = Debug|Any CPU
		{BF08634C-7871-4342-9992-81BB1B9D5B77}.Debug|Any CPU.Build.0 = Debug|Any CPU
		{BF08634C-7871-4342-9992-81BB1B9D5B77}.Debug|x64.ActiveCfg = Debug|Any CPU
		{BF08634C-7871-4342-9992-81BB1B9D5B77}.Debug|x64.Build.0 = Debug|Any CPU
		{BF08634C-7871-4342-9992-81BB1B9D5B77}.Debug|x86.ActiveCfg = Debug|Any CPU
		{BF08634C-7871-4342-9992-81BB1B9D5B77}.Debug|x86.Build.0 = Debug|Any CPU
		{BF08634C-7871-4342-9992-81BB1B9D5B77}.Release|Any CPU.ActiveCfg = Release|Any CPU
		{BF08634C-7871-4342-9992-81BB1B9D5B77}.Release|Any CPU.Build.0 = Release|Any CPU
		{BF08634C-7871-4342-9992-81BB1B9D5B77}.Release|x64.ActiveCfg = Release|Any CPU
		{BF08634C-7871-4342-9992-81BB1B9D5B77}.Release|x64.Build.0 = Release|Any CPU
		{BF08634C-7871-4342-9992-81BB1B9D5B77}.Release|x86.ActiveCfg = Release|Any CPU
		{BF08634C-7871-4342-9992-81BB1B9D5B77}.Release|x86.Build.0 = Release|Any CPU
		{3310E005-41A6-4409-9ACC-22E2D990D945}.Debug|Any CPU.ActiveCfg = Debug|Any CPU
		{3310E005-41A6-4409-9ACC-22E2D990D945}.Debug|Any CPU.Build.0 = Debug|Any CPU
		{3310E005-41A6-4409-9ACC-22E2D990D945}.Debug|x64.ActiveCfg = Debug|Any CPU
		{3310E005-41A6-4409-9ACC-22E2D990D945}.Debug|x64.Build.0 = Debug|Any CPU
		{3310E005-41A6-4409-9ACC-22E2D990D945}.Debug|x86.ActiveCfg = Debug|Any CPU
		{3310E005-41A6-4409-9ACC-22E2D990D945}.Debug|x86.Build.0 = Debug|Any CPU
		{3310E005-41A6-4409-9ACC-22E2D990D945}.Release|Any CPU.ActiveCfg = Release|Any CPU
		{3310E005-41A6-4409-9ACC-22E2D990D945}.Release|Any CPU.Build.0 = Release|Any CPU
		{3310E005-41A6-4409-9ACC-22E2D990D945}.Release|x64.ActiveCfg = Release|Any CPU
		{3310E005-41A6-4409-9ACC-22E2D990D945}.Release|x64.Build.0 = Release|Any CPU
		{3310E005-41A6-4409-9ACC-22E2D990D945}.Release|x86.ActiveCfg = Release|Any CPU
		{3310E005-41A6-4409-9ACC-22E2D990D945}.Release|x86.Build.0 = Release|Any CPU
		{1674EF24-B293-43EE-A93F-5E80B3CBA67A}.Debug|Any CPU.ActiveCfg = Debug|Any CPU
		{1674EF24-B293-43EE-A93F-5E80B3CBA67A}.Debug|Any CPU.Build.0 = Debug|Any CPU
		{1674EF24-B293-43EE-A93F-5E80B3CBA67A}.Debug|x64.ActiveCfg = Debug|Any CPU
		{1674EF24-B293-43EE-A93F-5E80B3CBA67A}.Debug|x64.Build.0 = Debug|Any CPU
		{1674EF24-B293-43EE-A93F-5E80B3CBA67A}.Debug|x86.ActiveCfg = Debug|Any CPU
		{1674EF24-B293-43EE-A93F-5E80B3CBA67A}.Debug|x86.Build.0 = Debug|Any CPU
		{1674EF24-B293-43EE-A93F-5E80B3CBA67A}.Release|Any CPU.ActiveCfg = Release|Any CPU
		{1674EF24-B293-43EE-A93F-5E80B3CBA67A}.Release|Any CPU.Build.0 = Release|Any CPU
		{1674EF24-B293-43EE-A93F-5E80B3CBA67A}.Release|x64.ActiveCfg = Release|Any CPU
		{1674EF24-B293-43EE-A93F-5E80B3CBA67A}.Release|x64.Build.0 = Release|Any CPU
		{1674EF24-B293-43EE-A93F-5E80B3CBA67A}.Release|x86.ActiveCfg = Release|Any CPU
		{1674EF24-B293-43EE-A93F-5E80B3CBA67A}.Release|x86.Build.0 = Release|Any CPU
		{33569A0D-FD40-499F-8904-C71DAB9B4EEF}.Debug|Any CPU.ActiveCfg = Debug|Any CPU
		{33569A0D-FD40-499F-8904-C71DAB9B4EEF}.Debug|Any CPU.Build.0 = Debug|Any CPU
		{33569A0D-FD40-499F-8904-C71DAB9B4EEF}.Debug|x64.ActiveCfg = Debug|Any CPU
		{33569A0D-FD40-499F-8904-C71DAB9B4EEF}.Debug|x64.Build.0 = Debug|Any CPU
		{33569A0D-FD40-499F-8904-C71DAB9B4EEF}.Debug|x86.ActiveCfg = Debug|Any CPU
		{33569A0D-FD40-499F-8904-C71DAB9B4EEF}.Debug|x86.Build.0 = Debug|Any CPU
		{33569A0D-FD40-499F-8904-C71DAB9B4EEF}.Release|Any CPU.ActiveCfg = Release|Any CPU
		{33569A0D-FD40-499F-8904-C71DAB9B4EEF}.Release|Any CPU.Build.0 = Release|Any CPU
		{33569A0D-FD40-499F-8904-C71DAB9B4EEF}.Release|x64.ActiveCfg = Release|Any CPU
		{33569A0D-FD40-499F-8904-C71DAB9B4EEF}.Release|x64.Build.0 = Release|Any CPU
		{33569A0D-FD40-499F-8904-C71DAB9B4EEF}.Release|x86.ActiveCfg = Release|Any CPU
		{33569A0D-FD40-499F-8904-C71DAB9B4EEF}.Release|x86.Build.0 = Release|Any CPU
		{FAD63A3B-3C68-4E7E-BFD0-740721245171}.Debug|Any CPU.ActiveCfg = Debug|Any CPU
		{FAD63A3B-3C68-4E7E-BFD0-740721245171}.Debug|Any CPU.Build.0 = Debug|Any CPU
		{FAD63A3B-3C68-4E7E-BFD0-740721245171}.Debug|x64.ActiveCfg = Debug|Any CPU
		{FAD63A3B-3C68-4E7E-BFD0-740721245171}.Debug|x64.Build.0 = Debug|Any CPU
		{FAD63A3B-3C68-4E7E-BFD0-740721245171}.Debug|x86.ActiveCfg = Debug|Any CPU
		{FAD63A3B-3C68-4E7E-BFD0-740721245171}.Debug|x86.Build.0 = Debug|Any CPU
		{FAD63A3B-3C68-4E7E-BFD0-740721245171}.Release|Any CPU.ActiveCfg = Release|Any CPU
		{FAD63A3B-3C68-4E7E-BFD0-740721245171}.Release|Any CPU.Build.0 = Release|Any CPU
		{FAD63A3B-3C68-4E7E-BFD0-740721245171}.Release|x64.ActiveCfg = Release|Any CPU
		{FAD63A3B-3C68-4E7E-BFD0-740721245171}.Release|x64.Build.0 = Release|Any CPU
		{FAD63A3B-3C68-4E7E-BFD0-740721245171}.Release|x86.ActiveCfg = Release|Any CPU
		{FAD63A3B-3C68-4E7E-BFD0-740721245171}.Release|x86.Build.0 = Release|Any CPU
		{7A37356B-0545-442C-9AAD-F192EE4E3E4C}.Debug|Any CPU.ActiveCfg = Debug|Any CPU
		{7A37356B-0545-442C-9AAD-F192EE4E3E4C}.Debug|Any CPU.Build.0 = Debug|Any CPU
		{7A37356B-0545-442C-9AAD-F192EE4E3E4C}.Debug|x64.ActiveCfg = Debug|Any CPU
		{7A37356B-0545-442C-9AAD-F192EE4E3E4C}.Debug|x64.Build.0 = Debug|Any CPU
		{7A37356B-0545-442C-9AAD-F192EE4E3E4C}.Debug|x86.ActiveCfg = Debug|Any CPU
		{7A37356B-0545-442C-9AAD-F192EE4E3E4C}.Debug|x86.Build.0 = Debug|Any CPU
		{7A37356B-0545-442C-9AAD-F192EE4E3E4C}.Release|Any CPU.ActiveCfg = Release|Any CPU
		{7A37356B-0545-442C-9AAD-F192EE4E3E4C}.Release|Any CPU.Build.0 = Release|Any CPU
		{7A37356B-0545-442C-9AAD-F192EE4E3E4C}.Release|x64.ActiveCfg = Release|Any CPU
		{7A37356B-0545-442C-9AAD-F192EE4E3E4C}.Release|x64.Build.0 = Release|Any CPU
		{7A37356B-0545-442C-9AAD-F192EE4E3E4C}.Release|x86.ActiveCfg = Release|Any CPU
		{7A37356B-0545-442C-9AAD-F192EE4E3E4C}.Release|x86.Build.0 = Release|Any CPU
		{58AD804E-1A85-4981-917B-04878CDD548B}.Debug|Any CPU.ActiveCfg = Debug|Any CPU
		{58AD804E-1A85-4981-917B-04878CDD548B}.Debug|Any CPU.Build.0 = Debug|Any CPU
		{58AD804E-1A85-4981-917B-04878CDD548B}.Debug|x64.ActiveCfg = Debug|Any CPU
		{58AD804E-1A85-4981-917B-04878CDD548B}.Debug|x64.Build.0 = Debug|Any CPU
		{58AD804E-1A85-4981-917B-04878CDD548B}.Debug|x86.ActiveCfg = Debug|Any CPU
		{58AD804E-1A85-4981-917B-04878CDD548B}.Debug|x86.Build.0 = Debug|Any CPU
		{58AD804E-1A85-4981-917B-04878CDD548B}.Release|Any CPU.ActiveCfg = Release|Any CPU
		{58AD804E-1A85-4981-917B-04878CDD548B}.Release|Any CPU.Build.0 = Release|Any CPU
		{58AD804E-1A85-4981-917B-04878CDD548B}.Release|x64.ActiveCfg = Release|Any CPU
		{58AD804E-1A85-4981-917B-04878CDD548B}.Release|x64.Build.0 = Release|Any CPU
		{58AD804E-1A85-4981-917B-04878CDD548B}.Release|x86.ActiveCfg = Release|Any CPU
		{58AD804E-1A85-4981-917B-04878CDD548B}.Release|x86.Build.0 = Release|Any CPU
		{6595EE38-426B-40BA-970A-39F389B573CF}.Debug|Any CPU.ActiveCfg = Debug|Any CPU
		{6595EE38-426B-40BA-970A-39F389B573CF}.Debug|Any CPU.Build.0 = Debug|Any CPU
		{6595EE38-426B-40BA-970A-39F389B573CF}.Debug|x64.ActiveCfg = Debug|Any CPU
		{6595EE38-426B-40BA-970A-39F389B573CF}.Debug|x64.Build.0 = Debug|Any CPU
		{6595EE38-426B-40BA-970A-39F389B573CF}.Debug|x86.ActiveCfg = Debug|Any CPU
		{6595EE38-426B-40BA-970A-39F389B573CF}.Debug|x86.Build.0 = Debug|Any CPU
		{6595EE38-426B-40BA-970A-39F389B573CF}.Release|Any CPU.ActiveCfg = Release|Any CPU
		{6595EE38-426B-40BA-970A-39F389B573CF}.Release|Any CPU.Build.0 = Release|Any CPU
		{6595EE38-426B-40BA-970A-39F389B573CF}.Release|x64.ActiveCfg = Release|Any CPU
		{6595EE38-426B-40BA-970A-39F389B573CF}.Release|x64.Build.0 = Release|Any CPU
		{6595EE38-426B-40BA-970A-39F389B573CF}.Release|x86.ActiveCfg = Release|Any CPU
		{6595EE38-426B-40BA-970A-39F389B573CF}.Release|x86.Build.0 = Release|Any CPU
		{EB96BFE6-F514-4845-9413-D6438723A704}.Debug|Any CPU.ActiveCfg = Debug|Any CPU
		{EB96BFE6-F514-4845-9413-D6438723A704}.Debug|Any CPU.Build.0 = Debug|Any CPU
		{EB96BFE6-F514-4845-9413-D6438723A704}.Debug|x64.ActiveCfg = Debug|Any CPU
		{EB96BFE6-F514-4845-9413-D6438723A704}.Debug|x64.Build.0 = Debug|Any CPU
		{EB96BFE6-F514-4845-9413-D6438723A704}.Debug|x86.ActiveCfg = Debug|Any CPU
		{EB96BFE6-F514-4845-9413-D6438723A704}.Debug|x86.Build.0 = Debug|Any CPU
		{EB96BFE6-F514-4845-9413-D6438723A704}.Release|Any CPU.ActiveCfg = Release|Any CPU
		{EB96BFE6-F514-4845-9413-D6438723A704}.Release|Any CPU.Build.0 = Release|Any CPU
		{EB96BFE6-F514-4845-9413-D6438723A704}.Release|x64.ActiveCfg = Release|Any CPU
		{EB96BFE6-F514-4845-9413-D6438723A704}.Release|x64.Build.0 = Release|Any CPU
		{EB96BFE6-F514-4845-9413-D6438723A704}.Release|x86.ActiveCfg = Release|Any CPU
		{EB96BFE6-F514-4845-9413-D6438723A704}.Release|x86.Build.0 = Release|Any CPU
		{38AB9C16-CC96-4869-B2FA-290DB1093103}.Debug|Any CPU.ActiveCfg = Debug|Any CPU
		{38AB9C16-CC96-4869-B2FA-290DB1093103}.Debug|Any CPU.Build.0 = Debug|Any CPU
		{38AB9C16-CC96-4869-B2FA-290DB1093103}.Debug|x64.ActiveCfg = Debug|Any CPU
		{38AB9C16-CC96-4869-B2FA-290DB1093103}.Debug|x64.Build.0 = Debug|Any CPU
		{38AB9C16-CC96-4869-B2FA-290DB1093103}.Debug|x86.ActiveCfg = Debug|Any CPU
		{38AB9C16-CC96-4869-B2FA-290DB1093103}.Debug|x86.Build.0 = Debug|Any CPU
		{38AB9C16-CC96-4869-B2FA-290DB1093103}.Release|Any CPU.ActiveCfg = Release|Any CPU
		{38AB9C16-CC96-4869-B2FA-290DB1093103}.Release|Any CPU.Build.0 = Release|Any CPU
		{38AB9C16-CC96-4869-B2FA-290DB1093103}.Release|x64.ActiveCfg = Release|Any CPU
		{38AB9C16-CC96-4869-B2FA-290DB1093103}.Release|x64.Build.0 = Release|Any CPU
		{38AB9C16-CC96-4869-B2FA-290DB1093103}.Release|x86.ActiveCfg = Release|Any CPU
		{38AB9C16-CC96-4869-B2FA-290DB1093103}.Release|x86.Build.0 = Release|Any CPU
		{A4A241F3-48FF-4A68-97E1-581D00731751}.Debug|Any CPU.ActiveCfg = Debug|Any CPU
		{A4A241F3-48FF-4A68-97E1-581D00731751}.Debug|Any CPU.Build.0 = Debug|Any CPU
		{A4A241F3-48FF-4A68-97E1-581D00731751}.Debug|x64.ActiveCfg = Debug|Any CPU
		{A4A241F3-48FF-4A68-97E1-581D00731751}.Debug|x64.Build.0 = Debug|Any CPU
		{A4A241F3-48FF-4A68-97E1-581D00731751}.Debug|x86.ActiveCfg = Debug|Any CPU
		{A4A241F3-48FF-4A68-97E1-581D00731751}.Debug|x86.Build.0 = Debug|Any CPU
		{A4A241F3-48FF-4A68-97E1-581D00731751}.Release|Any CPU.ActiveCfg = Release|Any CPU
		{A4A241F3-48FF-4A68-97E1-581D00731751}.Release|Any CPU.Build.0 = Release|Any CPU
		{A4A241F3-48FF-4A68-97E1-581D00731751}.Release|x64.ActiveCfg = Release|Any CPU
		{A4A241F3-48FF-4A68-97E1-581D00731751}.Release|x64.Build.0 = Release|Any CPU
		{A4A241F3-48FF-4A68-97E1-581D00731751}.Release|x86.ActiveCfg = Release|Any CPU
		{A4A241F3-48FF-4A68-97E1-581D00731751}.Release|x86.Build.0 = Release|Any CPU
		{381F847A-D865-4A17-8FEB-1A58A4E77C8E}.Debug|Any CPU.ActiveCfg = Debug|Any CPU
		{381F847A-D865-4A17-8FEB-1A58A4E77C8E}.Debug|Any CPU.Build.0 = Debug|Any CPU
		{381F847A-D865-4A17-8FEB-1A58A4E77C8E}.Debug|x64.ActiveCfg = Debug|Any CPU
		{381F847A-D865-4A17-8FEB-1A58A4E77C8E}.Debug|x64.Build.0 = Debug|Any CPU
		{381F847A-D865-4A17-8FEB-1A58A4E77C8E}.Debug|x86.ActiveCfg = Debug|Any CPU
		{381F847A-D865-4A17-8FEB-1A58A4E77C8E}.Debug|x86.Build.0 = Debug|Any CPU
		{381F847A-D865-4A17-8FEB-1A58A4E77C8E}.Release|Any CPU.ActiveCfg = Release|Any CPU
		{381F847A-D865-4A17-8FEB-1A58A4E77C8E}.Release|Any CPU.Build.0 = Release|Any CPU
		{381F847A-D865-4A17-8FEB-1A58A4E77C8E}.Release|x64.ActiveCfg = Release|Any CPU
		{381F847A-D865-4A17-8FEB-1A58A4E77C8E}.Release|x64.Build.0 = Release|Any CPU
		{381F847A-D865-4A17-8FEB-1A58A4E77C8E}.Release|x86.ActiveCfg = Release|Any CPU
		{381F847A-D865-4A17-8FEB-1A58A4E77C8E}.Release|x86.Build.0 = Release|Any CPU
		{6F7B2441-27E3-497E-976D-EE88F5DB1617}.Debug|Any CPU.ActiveCfg = Debug|Any CPU
		{6F7B2441-27E3-497E-976D-EE88F5DB1617}.Debug|Any CPU.Build.0 = Debug|Any CPU
		{6F7B2441-27E3-497E-976D-EE88F5DB1617}.Debug|x64.ActiveCfg = Debug|Any CPU
		{6F7B2441-27E3-497E-976D-EE88F5DB1617}.Debug|x64.Build.0 = Debug|Any CPU
		{6F7B2441-27E3-497E-976D-EE88F5DB1617}.Debug|x86.ActiveCfg = Debug|Any CPU
		{6F7B2441-27E3-497E-976D-EE88F5DB1617}.Debug|x86.Build.0 = Debug|Any CPU
		{6F7B2441-27E3-497E-976D-EE88F5DB1617}.Release|Any CPU.ActiveCfg = Release|Any CPU
		{6F7B2441-27E3-497E-976D-EE88F5DB1617}.Release|Any CPU.Build.0 = Release|Any CPU
		{6F7B2441-27E3-497E-976D-EE88F5DB1617}.Release|x64.ActiveCfg = Release|Any CPU
		{6F7B2441-27E3-497E-976D-EE88F5DB1617}.Release|x64.Build.0 = Release|Any CPU
		{6F7B2441-27E3-497E-976D-EE88F5DB1617}.Release|x86.ActiveCfg = Release|Any CPU
		{6F7B2441-27E3-497E-976D-EE88F5DB1617}.Release|x86.Build.0 = Release|Any CPU
		{33976790-0C4E-4DC4-AAFF-B06287A0F1C4}.Debug|Any CPU.ActiveCfg = Debug|Any CPU
		{33976790-0C4E-4DC4-AAFF-B06287A0F1C4}.Debug|Any CPU.Build.0 = Debug|Any CPU
		{33976790-0C4E-4DC4-AAFF-B06287A0F1C4}.Debug|x64.ActiveCfg = Debug|Any CPU
		{33976790-0C4E-4DC4-AAFF-B06287A0F1C4}.Debug|x64.Build.0 = Debug|Any CPU
		{33976790-0C4E-4DC4-AAFF-B06287A0F1C4}.Debug|x86.ActiveCfg = Debug|Any CPU
		{33976790-0C4E-4DC4-AAFF-B06287A0F1C4}.Debug|x86.Build.0 = Debug|Any CPU
		{33976790-0C4E-4DC4-AAFF-B06287A0F1C4}.Release|Any CPU.ActiveCfg = Release|Any CPU
		{33976790-0C4E-4DC4-AAFF-B06287A0F1C4}.Release|Any CPU.Build.0 = Release|Any CPU
		{33976790-0C4E-4DC4-AAFF-B06287A0F1C4}.Release|x64.ActiveCfg = Release|Any CPU
		{33976790-0C4E-4DC4-AAFF-B06287A0F1C4}.Release|x64.Build.0 = Release|Any CPU
		{33976790-0C4E-4DC4-AAFF-B06287A0F1C4}.Release|x86.ActiveCfg = Release|Any CPU
		{33976790-0C4E-4DC4-AAFF-B06287A0F1C4}.Release|x86.Build.0 = Release|Any CPU
		{ABEB0F6D-0E22-4A62-9BAB-6908A49FC3B6}.Debug|Any CPU.ActiveCfg = Debug|Any CPU
		{ABEB0F6D-0E22-4A62-9BAB-6908A49FC3B6}.Debug|Any CPU.Build.0 = Debug|Any CPU
		{ABEB0F6D-0E22-4A62-9BAB-6908A49FC3B6}.Debug|x64.ActiveCfg = Debug|Any CPU
		{ABEB0F6D-0E22-4A62-9BAB-6908A49FC3B6}.Debug|x64.Build.0 = Debug|Any CPU
		{ABEB0F6D-0E22-4A62-9BAB-6908A49FC3B6}.Debug|x86.ActiveCfg = Debug|Any CPU
		{ABEB0F6D-0E22-4A62-9BAB-6908A49FC3B6}.Debug|x86.Build.0 = Debug|Any CPU
		{ABEB0F6D-0E22-4A62-9BAB-6908A49FC3B6}.Release|Any CPU.ActiveCfg = Release|Any CPU
		{ABEB0F6D-0E22-4A62-9BAB-6908A49FC3B6}.Release|Any CPU.Build.0 = Release|Any CPU
		{ABEB0F6D-0E22-4A62-9BAB-6908A49FC3B6}.Release|x64.ActiveCfg = Release|Any CPU
		{ABEB0F6D-0E22-4A62-9BAB-6908A49FC3B6}.Release|x64.Build.0 = Release|Any CPU
		{ABEB0F6D-0E22-4A62-9BAB-6908A49FC3B6}.Release|x86.ActiveCfg = Release|Any CPU
		{ABEB0F6D-0E22-4A62-9BAB-6908A49FC3B6}.Release|x86.Build.0 = Release|Any CPU
		{17EC48CD-FCB7-4852-8067-A85F8BA51A82}.Debug|Any CPU.ActiveCfg = Debug|Any CPU
		{17EC48CD-FCB7-4852-8067-A85F8BA51A82}.Debug|Any CPU.Build.0 = Debug|Any CPU
		{17EC48CD-FCB7-4852-8067-A85F8BA51A82}.Debug|x64.ActiveCfg = Debug|Any CPU
		{17EC48CD-FCB7-4852-8067-A85F8BA51A82}.Debug|x64.Build.0 = Debug|Any CPU
		{17EC48CD-FCB7-4852-8067-A85F8BA51A82}.Debug|x86.ActiveCfg = Debug|Any CPU
		{17EC48CD-FCB7-4852-8067-A85F8BA51A82}.Debug|x86.Build.0 = Debug|Any CPU
		{17EC48CD-FCB7-4852-8067-A85F8BA51A82}.Release|Any CPU.ActiveCfg = Release|Any CPU
		{17EC48CD-FCB7-4852-8067-A85F8BA51A82}.Release|Any CPU.Build.0 = Release|Any CPU
		{17EC48CD-FCB7-4852-8067-A85F8BA51A82}.Release|x64.ActiveCfg = Release|Any CPU
		{17EC48CD-FCB7-4852-8067-A85F8BA51A82}.Release|x64.Build.0 = Release|Any CPU
		{17EC48CD-FCB7-4852-8067-A85F8BA51A82}.Release|x86.ActiveCfg = Release|Any CPU
		{17EC48CD-FCB7-4852-8067-A85F8BA51A82}.Release|x86.Build.0 = Release|Any CPU
		{00A0ED14-CC51-4294-9B6B-3BEC94C8B370}.Debug|Any CPU.ActiveCfg = Debug|Any CPU
		{00A0ED14-CC51-4294-9B6B-3BEC94C8B370}.Debug|Any CPU.Build.0 = Debug|Any CPU
		{00A0ED14-CC51-4294-9B6B-3BEC94C8B370}.Debug|x64.ActiveCfg = Debug|Any CPU
		{00A0ED14-CC51-4294-9B6B-3BEC94C8B370}.Debug|x64.Build.0 = Debug|Any CPU
		{00A0ED14-CC51-4294-9B6B-3BEC94C8B370}.Debug|x86.ActiveCfg = Debug|Any CPU
		{00A0ED14-CC51-4294-9B6B-3BEC94C8B370}.Debug|x86.Build.0 = Debug|Any CPU
		{00A0ED14-CC51-4294-9B6B-3BEC94C8B370}.Release|Any CPU.ActiveCfg = Release|Any CPU
		{00A0ED14-CC51-4294-9B6B-3BEC94C8B370}.Release|Any CPU.Build.0 = Release|Any CPU
		{00A0ED14-CC51-4294-9B6B-3BEC94C8B370}.Release|x64.ActiveCfg = Release|Any CPU
		{00A0ED14-CC51-4294-9B6B-3BEC94C8B370}.Release|x64.Build.0 = Release|Any CPU
		{00A0ED14-CC51-4294-9B6B-3BEC94C8B370}.Release|x86.ActiveCfg = Release|Any CPU
		{00A0ED14-CC51-4294-9B6B-3BEC94C8B370}.Release|x86.Build.0 = Release|Any CPU
		{82E7A24C-A5D1-4553-9096-55A5ED2404FA}.Debug|Any CPU.ActiveCfg = Debug|Any CPU
		{82E7A24C-A5D1-4553-9096-55A5ED2404FA}.Debug|Any CPU.Build.0 = Debug|Any CPU
		{82E7A24C-A5D1-4553-9096-55A5ED2404FA}.Debug|x64.ActiveCfg = Debug|Any CPU
		{82E7A24C-A5D1-4553-9096-55A5ED2404FA}.Debug|x64.Build.0 = Debug|Any CPU
		{82E7A24C-A5D1-4553-9096-55A5ED2404FA}.Debug|x86.ActiveCfg = Debug|Any CPU
		{82E7A24C-A5D1-4553-9096-55A5ED2404FA}.Debug|x86.Build.0 = Debug|Any CPU
		{82E7A24C-A5D1-4553-9096-55A5ED2404FA}.Release|Any CPU.ActiveCfg = Release|Any CPU
		{82E7A24C-A5D1-4553-9096-55A5ED2404FA}.Release|Any CPU.Build.0 = Release|Any CPU
		{82E7A24C-A5D1-4553-9096-55A5ED2404FA}.Release|x64.ActiveCfg = Release|Any CPU
		{82E7A24C-A5D1-4553-9096-55A5ED2404FA}.Release|x64.Build.0 = Release|Any CPU
		{82E7A24C-A5D1-4553-9096-55A5ED2404FA}.Release|x86.ActiveCfg = Release|Any CPU
		{82E7A24C-A5D1-4553-9096-55A5ED2404FA}.Release|x86.Build.0 = Release|Any CPU
		{494B2B1C-5757-43EA-B979-C9EC54F1BCF1}.Debug|Any CPU.ActiveCfg = Debug|Any CPU
		{494B2B1C-5757-43EA-B979-C9EC54F1BCF1}.Debug|Any CPU.Build.0 = Debug|Any CPU
		{494B2B1C-5757-43EA-B979-C9EC54F1BCF1}.Debug|x64.ActiveCfg = Debug|Any CPU
		{494B2B1C-5757-43EA-B979-C9EC54F1BCF1}.Debug|x64.Build.0 = Debug|Any CPU
		{494B2B1C-5757-43EA-B979-C9EC54F1BCF1}.Debug|x86.ActiveCfg = Debug|Any CPU
		{494B2B1C-5757-43EA-B979-C9EC54F1BCF1}.Debug|x86.Build.0 = Debug|Any CPU
		{494B2B1C-5757-43EA-B979-C9EC54F1BCF1}.Release|Any CPU.ActiveCfg = Release|Any CPU
		{494B2B1C-5757-43EA-B979-C9EC54F1BCF1}.Release|Any CPU.Build.0 = Release|Any CPU
		{494B2B1C-5757-43EA-B979-C9EC54F1BCF1}.Release|x64.ActiveCfg = Release|Any CPU
		{494B2B1C-5757-43EA-B979-C9EC54F1BCF1}.Release|x64.Build.0 = Release|Any CPU
		{494B2B1C-5757-43EA-B979-C9EC54F1BCF1}.Release|x86.ActiveCfg = Release|Any CPU
		{494B2B1C-5757-43EA-B979-C9EC54F1BCF1}.Release|x86.Build.0 = Release|Any CPU
		{2F66E7E0-6634-472E-97BF-8B383A89FBBD}.Debug|Any CPU.ActiveCfg = Debug|Any CPU
		{2F66E7E0-6634-472E-97BF-8B383A89FBBD}.Debug|Any CPU.Build.0 = Debug|Any CPU
		{2F66E7E0-6634-472E-97BF-8B383A89FBBD}.Debug|x64.ActiveCfg = Debug|Any CPU
		{2F66E7E0-6634-472E-97BF-8B383A89FBBD}.Debug|x64.Build.0 = Debug|Any CPU
		{2F66E7E0-6634-472E-97BF-8B383A89FBBD}.Debug|x86.ActiveCfg = Debug|Any CPU
		{2F66E7E0-6634-472E-97BF-8B383A89FBBD}.Debug|x86.Build.0 = Debug|Any CPU
		{2F66E7E0-6634-472E-97BF-8B383A89FBBD}.Release|Any CPU.ActiveCfg = Release|Any CPU
		{2F66E7E0-6634-472E-97BF-8B383A89FBBD}.Release|Any CPU.Build.0 = Release|Any CPU
		{2F66E7E0-6634-472E-97BF-8B383A89FBBD}.Release|x64.ActiveCfg = Release|Any CPU
		{2F66E7E0-6634-472E-97BF-8B383A89FBBD}.Release|x64.Build.0 = Release|Any CPU
		{2F66E7E0-6634-472E-97BF-8B383A89FBBD}.Release|x86.ActiveCfg = Release|Any CPU
		{2F66E7E0-6634-472E-97BF-8B383A89FBBD}.Release|x86.Build.0 = Release|Any CPU
		{2FD13A3E-4E64-4E3E-9AF7-1B643392FC24}.Debug|Any CPU.ActiveCfg = Debug|Any CPU
		{2FD13A3E-4E64-4E3E-9AF7-1B643392FC24}.Debug|Any CPU.Build.0 = Debug|Any CPU
		{2FD13A3E-4E64-4E3E-9AF7-1B643392FC24}.Debug|x64.ActiveCfg = Debug|Any CPU
		{2FD13A3E-4E64-4E3E-9AF7-1B643392FC24}.Debug|x64.Build.0 = Debug|Any CPU
		{2FD13A3E-4E64-4E3E-9AF7-1B643392FC24}.Debug|x86.ActiveCfg = Debug|Any CPU
		{2FD13A3E-4E64-4E3E-9AF7-1B643392FC24}.Debug|x86.Build.0 = Debug|Any CPU
		{2FD13A3E-4E64-4E3E-9AF7-1B643392FC24}.Release|Any CPU.ActiveCfg = Release|Any CPU
		{2FD13A3E-4E64-4E3E-9AF7-1B643392FC24}.Release|Any CPU.Build.0 = Release|Any CPU
		{2FD13A3E-4E64-4E3E-9AF7-1B643392FC24}.Release|x64.ActiveCfg = Release|Any CPU
		{2FD13A3E-4E64-4E3E-9AF7-1B643392FC24}.Release|x64.Build.0 = Release|Any CPU
		{2FD13A3E-4E64-4E3E-9AF7-1B643392FC24}.Release|x86.ActiveCfg = Release|Any CPU
		{2FD13A3E-4E64-4E3E-9AF7-1B643392FC24}.Release|x86.Build.0 = Release|Any CPU
		{229F65BC-8847-4B25-9BDB-695D8099B3A9}.Debug|Any CPU.ActiveCfg = Debug|Any CPU
		{229F65BC-8847-4B25-9BDB-695D8099B3A9}.Debug|Any CPU.Build.0 = Debug|Any CPU
		{229F65BC-8847-4B25-9BDB-695D8099B3A9}.Debug|x64.ActiveCfg = Debug|Any CPU
		{229F65BC-8847-4B25-9BDB-695D8099B3A9}.Debug|x64.Build.0 = Debug|Any CPU
		{229F65BC-8847-4B25-9BDB-695D8099B3A9}.Debug|x86.ActiveCfg = Debug|Any CPU
		{229F65BC-8847-4B25-9BDB-695D8099B3A9}.Debug|x86.Build.0 = Debug|Any CPU
		{229F65BC-8847-4B25-9BDB-695D8099B3A9}.Release|Any CPU.ActiveCfg = Release|Any CPU
		{229F65BC-8847-4B25-9BDB-695D8099B3A9}.Release|Any CPU.Build.0 = Release|Any CPU
		{229F65BC-8847-4B25-9BDB-695D8099B3A9}.Release|x64.ActiveCfg = Release|Any CPU
		{229F65BC-8847-4B25-9BDB-695D8099B3A9}.Release|x64.Build.0 = Release|Any CPU
		{229F65BC-8847-4B25-9BDB-695D8099B3A9}.Release|x86.ActiveCfg = Release|Any CPU
		{229F65BC-8847-4B25-9BDB-695D8099B3A9}.Release|x86.Build.0 = Release|Any CPU
		{8715D4EB-1A7C-49DA-8267-5908C744BBC2}.Debug|Any CPU.ActiveCfg = Debug|Any CPU
		{8715D4EB-1A7C-49DA-8267-5908C744BBC2}.Debug|Any CPU.Build.0 = Debug|Any CPU
		{8715D4EB-1A7C-49DA-8267-5908C744BBC2}.Debug|x64.ActiveCfg = Debug|Any CPU
		{8715D4EB-1A7C-49DA-8267-5908C744BBC2}.Debug|x64.Build.0 = Debug|Any CPU
		{8715D4EB-1A7C-49DA-8267-5908C744BBC2}.Debug|x86.ActiveCfg = Debug|Any CPU
		{8715D4EB-1A7C-49DA-8267-5908C744BBC2}.Debug|x86.Build.0 = Debug|Any CPU
		{8715D4EB-1A7C-49DA-8267-5908C744BBC2}.Release|Any CPU.ActiveCfg = Release|Any CPU
		{8715D4EB-1A7C-49DA-8267-5908C744BBC2}.Release|Any CPU.Build.0 = Release|Any CPU
		{8715D4EB-1A7C-49DA-8267-5908C744BBC2}.Release|x64.ActiveCfg = Release|Any CPU
		{8715D4EB-1A7C-49DA-8267-5908C744BBC2}.Release|x64.Build.0 = Release|Any CPU
		{8715D4EB-1A7C-49DA-8267-5908C744BBC2}.Release|x86.ActiveCfg = Release|Any CPU
		{8715D4EB-1A7C-49DA-8267-5908C744BBC2}.Release|x86.Build.0 = Release|Any CPU
		{D9025174-F43B-493F-AB6E-E62677D11E9E}.Debug|Any CPU.ActiveCfg = Debug|Any CPU
		{D9025174-F43B-493F-AB6E-E62677D11E9E}.Debug|Any CPU.Build.0 = Debug|Any CPU
		{D9025174-F43B-493F-AB6E-E62677D11E9E}.Debug|x64.ActiveCfg = Debug|Any CPU
		{D9025174-F43B-493F-AB6E-E62677D11E9E}.Debug|x64.Build.0 = Debug|Any CPU
		{D9025174-F43B-493F-AB6E-E62677D11E9E}.Debug|x86.ActiveCfg = Debug|Any CPU
		{D9025174-F43B-493F-AB6E-E62677D11E9E}.Debug|x86.Build.0 = Debug|Any CPU
		{D9025174-F43B-493F-AB6E-E62677D11E9E}.Release|Any CPU.ActiveCfg = Release|Any CPU
		{D9025174-F43B-493F-AB6E-E62677D11E9E}.Release|Any CPU.Build.0 = Release|Any CPU
		{D9025174-F43B-493F-AB6E-E62677D11E9E}.Release|x64.ActiveCfg = Release|Any CPU
		{D9025174-F43B-493F-AB6E-E62677D11E9E}.Release|x64.Build.0 = Release|Any CPU
		{D9025174-F43B-493F-AB6E-E62677D11E9E}.Release|x86.ActiveCfg = Release|Any CPU
		{D9025174-F43B-493F-AB6E-E62677D11E9E}.Release|x86.Build.0 = Release|Any CPU
		{C4710787-CD8C-49FC-AC98-7893D6BDB198}.Debug|Any CPU.ActiveCfg = Debug|Any CPU
		{C4710787-CD8C-49FC-AC98-7893D6BDB198}.Debug|Any CPU.Build.0 = Debug|Any CPU
		{C4710787-CD8C-49FC-AC98-7893D6BDB198}.Debug|x64.ActiveCfg = Debug|Any CPU
		{C4710787-CD8C-49FC-AC98-7893D6BDB198}.Debug|x64.Build.0 = Debug|Any CPU
		{C4710787-CD8C-49FC-AC98-7893D6BDB198}.Debug|x86.ActiveCfg = Debug|Any CPU
		{C4710787-CD8C-49FC-AC98-7893D6BDB198}.Debug|x86.Build.0 = Debug|Any CPU
		{C4710787-CD8C-49FC-AC98-7893D6BDB198}.Release|Any CPU.ActiveCfg = Release|Any CPU
		{C4710787-CD8C-49FC-AC98-7893D6BDB198}.Release|Any CPU.Build.0 = Release|Any CPU
		{C4710787-CD8C-49FC-AC98-7893D6BDB198}.Release|x64.ActiveCfg = Release|Any CPU
		{C4710787-CD8C-49FC-AC98-7893D6BDB198}.Release|x64.Build.0 = Release|Any CPU
		{C4710787-CD8C-49FC-AC98-7893D6BDB198}.Release|x86.ActiveCfg = Release|Any CPU
		{C4710787-CD8C-49FC-AC98-7893D6BDB198}.Release|x86.Build.0 = Release|Any CPU
		{401125EB-2797-48AA-AFD8-FC796E4271AE}.Debug|Any CPU.ActiveCfg = Debug|Any CPU
		{401125EB-2797-48AA-AFD8-FC796E4271AE}.Debug|Any CPU.Build.0 = Debug|Any CPU
		{401125EB-2797-48AA-AFD8-FC796E4271AE}.Debug|x64.ActiveCfg = Debug|Any CPU
		{401125EB-2797-48AA-AFD8-FC796E4271AE}.Debug|x64.Build.0 = Debug|Any CPU
		{401125EB-2797-48AA-AFD8-FC796E4271AE}.Debug|x86.ActiveCfg = Debug|Any CPU
		{401125EB-2797-48AA-AFD8-FC796E4271AE}.Debug|x86.Build.0 = Debug|Any CPU
		{401125EB-2797-48AA-AFD8-FC796E4271AE}.Release|Any CPU.ActiveCfg = Release|Any CPU
		{401125EB-2797-48AA-AFD8-FC796E4271AE}.Release|Any CPU.Build.0 = Release|Any CPU
		{401125EB-2797-48AA-AFD8-FC796E4271AE}.Release|x64.ActiveCfg = Release|Any CPU
		{401125EB-2797-48AA-AFD8-FC796E4271AE}.Release|x64.Build.0 = Release|Any CPU
		{401125EB-2797-48AA-AFD8-FC796E4271AE}.Release|x86.ActiveCfg = Release|Any CPU
		{401125EB-2797-48AA-AFD8-FC796E4271AE}.Release|x86.Build.0 = Release|Any CPU
		{E5FA1E53-00C8-4480-867F-4C7EF63C76F4}.Debug|Any CPU.ActiveCfg = Debug|Any CPU
		{E5FA1E53-00C8-4480-867F-4C7EF63C76F4}.Debug|Any CPU.Build.0 = Debug|Any CPU
		{E5FA1E53-00C8-4480-867F-4C7EF63C76F4}.Debug|x64.ActiveCfg = Debug|Any CPU
		{E5FA1E53-00C8-4480-867F-4C7EF63C76F4}.Debug|x64.Build.0 = Debug|Any CPU
		{E5FA1E53-00C8-4480-867F-4C7EF63C76F4}.Debug|x86.ActiveCfg = Debug|Any CPU
		{E5FA1E53-00C8-4480-867F-4C7EF63C76F4}.Debug|x86.Build.0 = Debug|Any CPU
		{E5FA1E53-00C8-4480-867F-4C7EF63C76F4}.Release|Any CPU.ActiveCfg = Release|Any CPU
		{E5FA1E53-00C8-4480-867F-4C7EF63C76F4}.Release|Any CPU.Build.0 = Release|Any CPU
		{E5FA1E53-00C8-4480-867F-4C7EF63C76F4}.Release|x64.ActiveCfg = Release|Any CPU
		{E5FA1E53-00C8-4480-867F-4C7EF63C76F4}.Release|x64.Build.0 = Release|Any CPU
		{E5FA1E53-00C8-4480-867F-4C7EF63C76F4}.Release|x86.ActiveCfg = Release|Any CPU
		{E5FA1E53-00C8-4480-867F-4C7EF63C76F4}.Release|x86.Build.0 = Release|Any CPU
		{F0D8F746-41CC-4A1C-94A4-1C3498A34C55}.Debug|Any CPU.ActiveCfg = Debug|Any CPU
		{F0D8F746-41CC-4A1C-94A4-1C3498A34C55}.Debug|Any CPU.Build.0 = Debug|Any CPU
		{F0D8F746-41CC-4A1C-94A4-1C3498A34C55}.Debug|x64.ActiveCfg = Debug|Any CPU
		{F0D8F746-41CC-4A1C-94A4-1C3498A34C55}.Debug|x64.Build.0 = Debug|Any CPU
		{F0D8F746-41CC-4A1C-94A4-1C3498A34C55}.Debug|x86.ActiveCfg = Debug|Any CPU
		{F0D8F746-41CC-4A1C-94A4-1C3498A34C55}.Debug|x86.Build.0 = Debug|Any CPU
		{F0D8F746-41CC-4A1C-94A4-1C3498A34C55}.Release|Any CPU.ActiveCfg = Release|Any CPU
		{F0D8F746-41CC-4A1C-94A4-1C3498A34C55}.Release|Any CPU.Build.0 = Release|Any CPU
		{F0D8F746-41CC-4A1C-94A4-1C3498A34C55}.Release|x64.ActiveCfg = Release|Any CPU
		{F0D8F746-41CC-4A1C-94A4-1C3498A34C55}.Release|x64.Build.0 = Release|Any CPU
		{F0D8F746-41CC-4A1C-94A4-1C3498A34C55}.Release|x86.ActiveCfg = Release|Any CPU
		{F0D8F746-41CC-4A1C-94A4-1C3498A34C55}.Release|x86.Build.0 = Release|Any CPU
		{825634AB-1F85-4D7C-A5EB-2FDDC8CCB349}.Debug|Any CPU.ActiveCfg = Debug|Any CPU
		{825634AB-1F85-4D7C-A5EB-2FDDC8CCB349}.Debug|Any CPU.Build.0 = Debug|Any CPU
		{825634AB-1F85-4D7C-A5EB-2FDDC8CCB349}.Debug|x64.ActiveCfg = Debug|Any CPU
		{825634AB-1F85-4D7C-A5EB-2FDDC8CCB349}.Debug|x64.Build.0 = Debug|Any CPU
		{825634AB-1F85-4D7C-A5EB-2FDDC8CCB349}.Debug|x86.ActiveCfg = Debug|Any CPU
		{825634AB-1F85-4D7C-A5EB-2FDDC8CCB349}.Debug|x86.Build.0 = Debug|Any CPU
		{825634AB-1F85-4D7C-A5EB-2FDDC8CCB349}.Release|Any CPU.ActiveCfg = Release|Any CPU
		{825634AB-1F85-4D7C-A5EB-2FDDC8CCB349}.Release|Any CPU.Build.0 = Release|Any CPU
		{825634AB-1F85-4D7C-A5EB-2FDDC8CCB349}.Release|x64.ActiveCfg = Release|Any CPU
		{825634AB-1F85-4D7C-A5EB-2FDDC8CCB349}.Release|x64.Build.0 = Release|Any CPU
		{825634AB-1F85-4D7C-A5EB-2FDDC8CCB349}.Release|x86.ActiveCfg = Release|Any CPU
		{825634AB-1F85-4D7C-A5EB-2FDDC8CCB349}.Release|x86.Build.0 = Release|Any CPU
		{2E2C3379-6B6F-49A7-A674-6E592FB3739C}.Debug|Any CPU.ActiveCfg = Debug|Any CPU
		{2E2C3379-6B6F-49A7-A674-6E592FB3739C}.Debug|Any CPU.Build.0 = Debug|Any CPU
		{2E2C3379-6B6F-49A7-A674-6E592FB3739C}.Debug|x64.ActiveCfg = Debug|Any CPU
		{2E2C3379-6B6F-49A7-A674-6E592FB3739C}.Debug|x64.Build.0 = Debug|Any CPU
		{2E2C3379-6B6F-49A7-A674-6E592FB3739C}.Debug|x86.ActiveCfg = Debug|Any CPU
		{2E2C3379-6B6F-49A7-A674-6E592FB3739C}.Debug|x86.Build.0 = Debug|Any CPU
		{2E2C3379-6B6F-49A7-A674-6E592FB3739C}.Release|Any CPU.ActiveCfg = Release|Any CPU
		{2E2C3379-6B6F-49A7-A674-6E592FB3739C}.Release|Any CPU.Build.0 = Release|Any CPU
		{2E2C3379-6B6F-49A7-A674-6E592FB3739C}.Release|x64.ActiveCfg = Release|Any CPU
		{2E2C3379-6B6F-49A7-A674-6E592FB3739C}.Release|x64.Build.0 = Release|Any CPU
		{2E2C3379-6B6F-49A7-A674-6E592FB3739C}.Release|x86.ActiveCfg = Release|Any CPU
		{2E2C3379-6B6F-49A7-A674-6E592FB3739C}.Release|x86.Build.0 = Release|Any CPU
		{6D8576FC-9ADB-409C-AD42-F7696EF5E783}.Debug|Any CPU.ActiveCfg = Debug|Any CPU
		{6D8576FC-9ADB-409C-AD42-F7696EF5E783}.Debug|Any CPU.Build.0 = Debug|Any CPU
		{6D8576FC-9ADB-409C-AD42-F7696EF5E783}.Debug|x64.ActiveCfg = Debug|Any CPU
		{6D8576FC-9ADB-409C-AD42-F7696EF5E783}.Debug|x64.Build.0 = Debug|Any CPU
		{6D8576FC-9ADB-409C-AD42-F7696EF5E783}.Debug|x86.ActiveCfg = Debug|Any CPU
		{6D8576FC-9ADB-409C-AD42-F7696EF5E783}.Debug|x86.Build.0 = Debug|Any CPU
		{6D8576FC-9ADB-409C-AD42-F7696EF5E783}.Release|Any CPU.ActiveCfg = Release|Any CPU
		{6D8576FC-9ADB-409C-AD42-F7696EF5E783}.Release|Any CPU.Build.0 = Release|Any CPU
		{6D8576FC-9ADB-409C-AD42-F7696EF5E783}.Release|x64.ActiveCfg = Release|Any CPU
		{6D8576FC-9ADB-409C-AD42-F7696EF5E783}.Release|x64.Build.0 = Release|Any CPU
		{6D8576FC-9ADB-409C-AD42-F7696EF5E783}.Release|x86.ActiveCfg = Release|Any CPU
		{6D8576FC-9ADB-409C-AD42-F7696EF5E783}.Release|x86.Build.0 = Release|Any CPU
		{B0D7C673-C3B8-41F7-9297-0F7361E41006}.Debug|Any CPU.ActiveCfg = Debug|Any CPU
		{B0D7C673-C3B8-41F7-9297-0F7361E41006}.Debug|Any CPU.Build.0 = Debug|Any CPU
		{B0D7C673-C3B8-41F7-9297-0F7361E41006}.Debug|x64.ActiveCfg = Debug|Any CPU
		{B0D7C673-C3B8-41F7-9297-0F7361E41006}.Debug|x64.Build.0 = Debug|Any CPU
		{B0D7C673-C3B8-41F7-9297-0F7361E41006}.Debug|x86.ActiveCfg = Debug|Any CPU
		{B0D7C673-C3B8-41F7-9297-0F7361E41006}.Debug|x86.Build.0 = Debug|Any CPU
		{B0D7C673-C3B8-41F7-9297-0F7361E41006}.Release|Any CPU.ActiveCfg = Release|Any CPU
		{B0D7C673-C3B8-41F7-9297-0F7361E41006}.Release|Any CPU.Build.0 = Release|Any CPU
		{B0D7C673-C3B8-41F7-9297-0F7361E41006}.Release|x64.ActiveCfg = Release|Any CPU
		{B0D7C673-C3B8-41F7-9297-0F7361E41006}.Release|x64.Build.0 = Release|Any CPU
		{B0D7C673-C3B8-41F7-9297-0F7361E41006}.Release|x86.ActiveCfg = Release|Any CPU
		{B0D7C673-C3B8-41F7-9297-0F7361E41006}.Release|x86.Build.0 = Release|Any CPU
		{E6DC3097-CC32-4BBB-BD79-C21709FE3CCE}.Debug|Any CPU.ActiveCfg = Debug|Any CPU
		{E6DC3097-CC32-4BBB-BD79-C21709FE3CCE}.Debug|Any CPU.Build.0 = Debug|Any CPU
		{E6DC3097-CC32-4BBB-BD79-C21709FE3CCE}.Debug|x64.ActiveCfg = Debug|Any CPU
		{E6DC3097-CC32-4BBB-BD79-C21709FE3CCE}.Debug|x64.Build.0 = Debug|Any CPU
		{E6DC3097-CC32-4BBB-BD79-C21709FE3CCE}.Debug|x86.ActiveCfg = Debug|Any CPU
		{E6DC3097-CC32-4BBB-BD79-C21709FE3CCE}.Debug|x86.Build.0 = Debug|Any CPU
		{E6DC3097-CC32-4BBB-BD79-C21709FE3CCE}.Release|Any CPU.ActiveCfg = Release|Any CPU
		{E6DC3097-CC32-4BBB-BD79-C21709FE3CCE}.Release|Any CPU.Build.0 = Release|Any CPU
		{E6DC3097-CC32-4BBB-BD79-C21709FE3CCE}.Release|x64.ActiveCfg = Release|Any CPU
		{E6DC3097-CC32-4BBB-BD79-C21709FE3CCE}.Release|x64.Build.0 = Release|Any CPU
		{E6DC3097-CC32-4BBB-BD79-C21709FE3CCE}.Release|x86.ActiveCfg = Release|Any CPU
		{E6DC3097-CC32-4BBB-BD79-C21709FE3CCE}.Release|x86.Build.0 = Release|Any CPU
		{D368DEB5-E19A-45F5-94F1-2903235EE496}.Debug|Any CPU.ActiveCfg = Debug|Any CPU
		{D368DEB5-E19A-45F5-94F1-2903235EE496}.Debug|Any CPU.Build.0 = Debug|Any CPU
		{D368DEB5-E19A-45F5-94F1-2903235EE496}.Debug|x64.ActiveCfg = Debug|Any CPU
		{D368DEB5-E19A-45F5-94F1-2903235EE496}.Debug|x64.Build.0 = Debug|Any CPU
		{D368DEB5-E19A-45F5-94F1-2903235EE496}.Debug|x86.ActiveCfg = Debug|Any CPU
		{D368DEB5-E19A-45F5-94F1-2903235EE496}.Debug|x86.Build.0 = Debug|Any CPU
		{D368DEB5-E19A-45F5-94F1-2903235EE496}.Release|Any CPU.ActiveCfg = Release|Any CPU
		{D368DEB5-E19A-45F5-94F1-2903235EE496}.Release|Any CPU.Build.0 = Release|Any CPU
		{D368DEB5-E19A-45F5-94F1-2903235EE496}.Release|x64.ActiveCfg = Release|Any CPU
		{D368DEB5-E19A-45F5-94F1-2903235EE496}.Release|x64.Build.0 = Release|Any CPU
		{D368DEB5-E19A-45F5-94F1-2903235EE496}.Release|x86.ActiveCfg = Release|Any CPU
		{D368DEB5-E19A-45F5-94F1-2903235EE496}.Release|x86.Build.0 = Release|Any CPU
		{33B369B2-4FB2-49B9-B0DB-846FEE3400D9}.Debug|Any CPU.ActiveCfg = Debug|Any CPU
		{33B369B2-4FB2-49B9-B0DB-846FEE3400D9}.Debug|Any CPU.Build.0 = Debug|Any CPU
		{33B369B2-4FB2-49B9-B0DB-846FEE3400D9}.Debug|x64.ActiveCfg = Debug|Any CPU
		{33B369B2-4FB2-49B9-B0DB-846FEE3400D9}.Debug|x64.Build.0 = Debug|Any CPU
		{33B369B2-4FB2-49B9-B0DB-846FEE3400D9}.Debug|x86.ActiveCfg = Debug|Any CPU
		{33B369B2-4FB2-49B9-B0DB-846FEE3400D9}.Debug|x86.Build.0 = Debug|Any CPU
		{33B369B2-4FB2-49B9-B0DB-846FEE3400D9}.Release|Any CPU.ActiveCfg = Release|Any CPU
		{33B369B2-4FB2-49B9-B0DB-846FEE3400D9}.Release|Any CPU.Build.0 = Release|Any CPU
		{33B369B2-4FB2-49B9-B0DB-846FEE3400D9}.Release|x64.ActiveCfg = Release|Any CPU
		{33B369B2-4FB2-49B9-B0DB-846FEE3400D9}.Release|x64.Build.0 = Release|Any CPU
		{33B369B2-4FB2-49B9-B0DB-846FEE3400D9}.Release|x86.ActiveCfg = Release|Any CPU
		{33B369B2-4FB2-49B9-B0DB-846FEE3400D9}.Release|x86.Build.0 = Release|Any CPU
		{E0011757-D5E5-4C87-9928-81E3E3183D78}.Debug|Any CPU.ActiveCfg = Debug|Any CPU
		{E0011757-D5E5-4C87-9928-81E3E3183D78}.Debug|Any CPU.Build.0 = Debug|Any CPU
		{E0011757-D5E5-4C87-9928-81E3E3183D78}.Debug|x64.ActiveCfg = Debug|Any CPU
		{E0011757-D5E5-4C87-9928-81E3E3183D78}.Debug|x64.Build.0 = Debug|Any CPU
		{E0011757-D5E5-4C87-9928-81E3E3183D78}.Debug|x86.ActiveCfg = Debug|Any CPU
		{E0011757-D5E5-4C87-9928-81E3E3183D78}.Debug|x86.Build.0 = Debug|Any CPU
		{E0011757-D5E5-4C87-9928-81E3E3183D78}.Release|Any CPU.ActiveCfg = Release|Any CPU
		{E0011757-D5E5-4C87-9928-81E3E3183D78}.Release|Any CPU.Build.0 = Release|Any CPU
		{E0011757-D5E5-4C87-9928-81E3E3183D78}.Release|x64.ActiveCfg = Release|Any CPU
		{E0011757-D5E5-4C87-9928-81E3E3183D78}.Release|x64.Build.0 = Release|Any CPU
		{E0011757-D5E5-4C87-9928-81E3E3183D78}.Release|x86.ActiveCfg = Release|Any CPU
		{E0011757-D5E5-4C87-9928-81E3E3183D78}.Release|x86.Build.0 = Release|Any CPU
	EndGlobalSection
	GlobalSection(SolutionProperties) = preSolution
		HideSolutionNode = FALSE
	EndGlobalSection
	GlobalSection(NestedProjects) = preSolution
		{80713044-691A-4248-91C2-A2AD14861F13} = {B342ED34-71C9-4C74-84C5-390191DE485F}
		{FA143311-3283-41EB-AC58-BFE2DD30FA81} = {B342ED34-71C9-4C74-84C5-390191DE485F}
		{1FF14979-8274-416F-8CDA-20F1C4343FA0} = {B342ED34-71C9-4C74-84C5-390191DE485F}
		{B6BF6FCB-044C-49C1-87B0-03073702321E} = {B342ED34-71C9-4C74-84C5-390191DE485F}
		{403EE71D-B857-4856-9051-69038DDF1995} = {F80952A4-3F86-4525-D661-DB6A21184A74}
		{CCAA6C1C-A4FE-43DF-A77E-A43B2D754CD1} = {F80952A4-3F86-4525-D661-DB6A21184A74}
		{082F8FFC-C083-4D81-9277-121062B051E2} = {F80952A4-3F86-4525-D661-DB6A21184A74}
		{1A45E936-1F4B-4A61-B935-1E2867026D4C} = {F80952A4-3F86-4525-D661-DB6A21184A74}
		{B7949DAB-CA31-4991-8E55-0ED8A3B41E6C} = {11FC27E6-7041-DE29-1CD3-C769674DB63E}
		{975DBA21-0213-4BA5-9ED1-EE8CF44ABC1E} = {11FC27E6-7041-DE29-1CD3-C769674DB63E}
		{BF7C5830-A8CB-4171-8E78-F8A79E2D4817} = {11FC27E6-7041-DE29-1CD3-C769674DB63E}
		{BF08634C-7871-4342-9992-81BB1B9D5B77} = {11FC27E6-7041-DE29-1CD3-C769674DB63E}
		{3310E005-41A6-4409-9ACC-22E2D990D945} = {1C10DC70-0DD0-1ECB-072D-46C3C0D78680}
		{1674EF24-B293-43EE-A93F-5E80B3CBA67A} = {1C10DC70-0DD0-1ECB-072D-46C3C0D78680}
		{33569A0D-FD40-499F-8904-C71DAB9B4EEF} = {1C10DC70-0DD0-1ECB-072D-46C3C0D78680}
		{FAD63A3B-3C68-4E7E-BFD0-740721245171} = {1C10DC70-0DD0-1ECB-072D-46C3C0D78680}
		{7A37356B-0545-442C-9AAD-F192EE4E3E4C} = {2481DD90-4409-10B6-4FAC-38EB559C7BC3}
		{58AD804E-1A85-4981-917B-04878CDD548B} = {2481DD90-4409-10B6-4FAC-38EB559C7BC3}
		{6595EE38-426B-40BA-970A-39F389B573CF} = {2481DD90-4409-10B6-4FAC-38EB559C7BC3}
		{EB96BFE6-F514-4845-9413-D6438723A704} = {2481DD90-4409-10B6-4FAC-38EB559C7BC3}
		{38AB9C16-CC96-4869-B2FA-290DB1093103} = {2481DD90-4409-10B6-4FAC-38EB559C7BC3}
		{A4A241F3-48FF-4A68-97E1-581D00731751} = {2481DD90-4409-10B6-4FAC-38EB559C7BC3}
		{381F847A-D865-4A17-8FEB-1A58A4E77C8E} = {2481DD90-4409-10B6-4FAC-38EB559C7BC3}
		{6F7B2441-27E3-497E-976D-EE88F5DB1617} = {2481DD90-4409-10B6-4FAC-38EB559C7BC3}
		{33976790-0C4E-4DC4-AAFF-B06287A0F1C4} = {2481DD90-4409-10B6-4FAC-38EB559C7BC3}
		{ABEB0F6D-0E22-4A62-9BAB-6908A49FC3B6} = {C841F5C2-8F30-5BE9-ECA6-260644CF6F9F}
		{17EC48CD-FCB7-4852-8067-A85F8BA51A82} = {C841F5C2-8F30-5BE9-ECA6-260644CF6F9F}
		{00A0ED14-CC51-4294-9B6B-3BEC94C8B370} = {C841F5C2-8F30-5BE9-ECA6-260644CF6F9F}
		{82E7A24C-A5D1-4553-9096-55A5ED2404FA} = {C841F5C2-8F30-5BE9-ECA6-260644CF6F9F}
		{494B2B1C-5757-43EA-B979-C9EC54F1BCF1} = {C841F5C2-8F30-5BE9-ECA6-260644CF6F9F}
		{2F66E7E0-6634-472E-97BF-8B383A89FBBD} = {C841F5C2-8F30-5BE9-ECA6-260644CF6F9F}
		{2FD13A3E-4E64-4E3E-9AF7-1B643392FC24} = {C841F5C2-8F30-5BE9-ECA6-260644CF6F9F}
		{229F65BC-8847-4B25-9BDB-695D8099B3A9} = {C841F5C2-8F30-5BE9-ECA6-260644CF6F9F}
		{8715D4EB-1A7C-49DA-8267-5908C744BBC2} = {C841F5C2-8F30-5BE9-ECA6-260644CF6F9F}
		{D9025174-F43B-493F-AB6E-E62677D11E9E} = {C841F5C2-8F30-5BE9-ECA6-260644CF6F9F}
		{C4710787-CD8C-49FC-AC98-7893D6BDB198} = {C841F5C2-8F30-5BE9-ECA6-260644CF6F9F}
		{401125EB-2797-48AA-AFD8-FC796E4271AE} = {C841F5C2-8F30-5BE9-ECA6-260644CF6F9F}
		{E5FA1E53-00C8-4480-867F-4C7EF63C76F4} = {C841F5C2-8F30-5BE9-ECA6-260644CF6F9F}
		{F0D8F746-41CC-4A1C-94A4-1C3498A34C55} = {C841F5C2-8F30-5BE9-ECA6-260644CF6F9F}
		{825634AB-1F85-4D7C-A5EB-2FDDC8CCB349} = {C841F5C2-8F30-5BE9-ECA6-260644CF6F9F}
		{2E2C3379-6B6F-49A7-A674-6E592FB3739C} = {C841F5C2-8F30-5BE9-ECA6-260644CF6F9F}
		{6D8576FC-9ADB-409C-AD42-F7696EF5E783} = {C841F5C2-8F30-5BE9-ECA6-260644CF6F9F}
		{B0D7C673-C3B8-41F7-9297-0F7361E41006} = {C841F5C2-8F30-5BE9-ECA6-260644CF6F9F}
		{E6DC3097-CC32-4BBB-BD79-C21709FE3CCE} = {C841F5C2-8F30-5BE9-ECA6-260644CF6F9F}
		{D368DEB5-E19A-45F5-94F1-2903235EE496} = {C841F5C2-8F30-5BE9-ECA6-260644CF6F9F}
		{33B369B2-4FB2-49B9-B0DB-846FEE3400D9} = {C841F5C2-8F30-5BE9-ECA6-260644CF6F9F}
		{E0011757-D5E5-4C87-9928-81E3E3183D78} = {C841F5C2-8F30-5BE9-ECA6-260644CF6F9F}
	EndGlobalSection
	GlobalSection(ExtensibilityGlobals) = postSolution
		SolutionGuid = {CB0DDAD0-D1E6-40A7-BEC2-1FFB0A6E3811}
	EndGlobalSection
EndGlobal
