
Microsoft Visual Studio Solution File, Format Version 12.00
# Visual Studio Version 17
VisualStudioVersion = 17.13.35931.197
MinimumVisualStudioVersion = 10.0.40219.1
Project("{FAE04EC0-301F-11D3-BF4B-00C04F79EFBC}") = "CustomEnumerator", "CustomEnumerator\CustomEnumerator.csproj", "{62A9CD79-1B57-44E7-8846-1CDA4E3B14D3}"
EndProject
Project("{FAE04EC0-301F-11D3-BF4B-00C04F79EFBC}") = "LazyObjectInstantiation", "LazyObjectInstantiation\LazyObjectInstantiation.csproj", "{05FF3C65-6326-41C1-8A58-4531F86423FB}"
EndProject
Project("{FAE04EC0-301F-11D3-BF4B-00C04F79EFBC}") = "CarDelegate", "CarDelegate\CarDelegate.csproj", "{2A7F3BBB-2305-4FAC-A532-16BE4DA1A248}"
EndProject
Project("{FAE04EC0-301F-11D3-BF4B-00C04F79EFBC}") = "CarEvents", "CarEvents\CarEvents.csproj", "{2CE30A71-6F55-4C73-BD6E-53B9DA587BD6}"
EndProject
Project("{FAE04EC0-301F-11D3-BF4B-00C04F79EFBC}") = "ProcessManipulator", "ProcessManipulator\ProcessManipulator.csproj", "{19F815A4-63D4-4E5D-9E1F-DE181D1998CB}"
EndProject
Project("{FAE04EC0-301F-11D3-BF4B-00C04F79EFBC}") = "DefaultAppDomainApp", "DefaultAppDomainApp\DefaultAppDomainApp.csproj", "{D74C52F6-8354-4C5C-B860-91F613EB3D0B}"
EndProject
Project("{FAE04EC0-301F-11D3-BF4B-00C04F79EFBC}") = "SimpleMultiThreadApp", "SimpleMultiThreadApp\SimpleMultiThreadApp.csproj", "{D99FC759-B773-4265-BE6F-9224185B0314}"
EndProject
Project("{FAE04EC0-301F-11D3-BF4B-00C04F79EFBC}") = "AddWithThreads", "AddWithThreads\AddWithThreads.csproj", "{49024B8D-E216-44F5-AE6E-612F0CE06EA7}"
EndProject
Project("{FAE04EC0-301F-11D3-BF4B-00C04F79EFBC}") = "MultiThreadedPrinting", "MultiThreadedPrinting\MultiThreadedPrinting.csproj", "{53838D98-14F0-4C27-B8ED-9A93185C1E8D}"
EndProject
Project("{FAE04EC0-301F-11D3-BF4B-00C04F79EFBC}") = "TimerApp", "TimerApp\TimerApp.csproj", "{A94699AC-2B1A-4D0A-BA74-F4BA062FBCA5}"
EndProject
Project("{FAE04EC0-301F-11D3-BF4B-00C04F79EFBC}") = "DataParallelismWithForEach", "DataParallelismWithForEach\DataParallelismWithForEach.csproj", "{BECC9549-E3EA-4B8D-86C7-1F975F9DB352}"
EndProject
Project("{FAE04EC0-301F-11D3-BF4B-00C04F79EFBC}") = "MyEBookReader", "MyEBookReader\MyEBookReader.csproj", "{4BF0C8FD-DE2C-4509-B335-412018CC223F}"
EndProject
Project("{FAE04EC0-301F-11D3-BF4B-00C04F79EFBC}") = "FunWithCSharpAsync", "FunWithCSharpAsync\FunWithCSharpAsync.csproj", "{C8092B4E-FE94-4508-B097-6FE7C428120E}"
EndProject
Project("{FAE04EC0-301F-11D3-BF4B-00C04F79EFBC}") = "FunWithConfiguration", "FunWithConfiguration\FunWithConfiguration.csproj", "{9EA92533-A697-4752-B2CD-A06572C4F0C7}"
EndProject
Project("{FAE04EC0-301F-11D3-BF4B-00C04F79EFBC}") = "CarLibrary", "CarLibrary\CarLibrary.csproj", "{C1AFD741-C409-4371-A570-9A778E3B7C1A}"
EndProject
Project("{F184B08F-C81C-45F6-A57F-5ABD9991F28F}") = "VisualBasicCarClient", "VisualBasicCarClient\VisualBasicCarClient.vbproj", "{55619FAF-B178-4533-8546-F33D68E0BCAE}"
EndProject
Project("{2150E333-8FDC-42A3-9474-1A3956D46DE8}") = "Solution Items", "Solution Items", "{8EC462FD-D22E-90A8-E5CE-7E832BA40C5D}"
	ProjectSection(SolutionItems) = preProject
		nuget.config = nuget.config
	EndProjectSection
EndProject
Project("{FAE04EC0-301F-11D3-BF4B-00C04F79EFBC}") = "CSharpCarClient", "CSharpCarClient\CSharpCarClient.csproj", "{F48362F5-3BB9-4A69-AE3B-070487D86979}"
EndProject
Project("{FAE04EC0-301F-11D3-BF4B-00C04F79EFBC}") = "MyTypeViewer", "MyTypeViewer\MyTypeViewer.csproj", "{84CEC7C3-ECFC-4A1C-ADF1-005C80261BCA}"
EndProject
Project("{FAE04EC0-301F-11D3-BF4B-00C04F79EFBC}") = "LateBindingApp", "LateBindingApp\LateBindingApp.csproj", "{71655869-9CA2-4C20-8013-B535D7844A55}"
EndProject
Project("{2150E333-8FDC-42A3-9474-1A3956D46DE8}") = "ExtendableApp", "ExtendableApp", "{02EA681E-C7D8-13C7-8484-4AC65E1B71E8}"
EndProject
Project("{FAE04EC0-301F-11D3-BF4B-00C04F79EFBC}") = "CommonSnappableTypes", "CommonSnappableTypes\CommonSnappableTypes.csproj", "{649130AA-5B5A-4D26-81BF-1F51385C9740}"
EndProject
Project("{FAE04EC0-301F-11D3-BF4B-00C04F79EFBC}") = "CSharpSnapIn", "CSharpSnapIn\CSharpSnapIn.csproj", "{D2F2FDFC-D53D-4256-AC34-7CEFC9BA0963}"
EndProject
Project("{F184B08F-C81C-45F6-A57F-5ABD9991F28F}") = "VBSnapIn", "VBSnapIn\VBSnapIn.vbproj", "{8284146F-3056-492F-B50F-63BF275D0B40}"
EndProject
Project("{FAE04EC0-301F-11D3-BF4B-00C04F79EFBC}") = "MyExtendableApp", "MyExtendableApp\MyExtendableApp.csproj", "{E3F436DF-3AE2-4DB5-89DD-23078D635FE0}"
	ProjectSection(ProjectDependencies) = postProject
		{8284146F-3056-492F-B50F-63BF275D0B40} = {8284146F-3056-492F-B50F-63BF275D0B40}
		{D2F2FDFC-D53D-4256-AC34-7CEFC9BA0963} = {D2F2FDFC-D53D-4256-AC34-7CEFC9BA0963}
	EndProjectSection
EndProject
Project("{FAE04EC0-301F-11D3-BF4B-00C04F79EFBC}") = "DirectoryApp", "DirectoryApp\DirectoryApp.csproj", "{62B2A5A6-2B6B-4028-9450-19D37CF4A020}"
EndProject
Project("{FAE04EC0-301F-11D3-BF4B-00C04F79EFBC}") = "FileStreamApp", "FileStreamApp\FileStreamApp.csproj", "{699C625D-15CF-4E8A-A78C-DEEEA1DC975C}"
EndProject
Project("{FAE04EC0-301F-11D3-BF4B-00C04F79EFBC}") = "MyDirectoryWatcher", "MyDirectoryWatcher\MyDirectoryWatcher.csproj", "{A9CE892C-5A97-4976-A8D0-8D827E00A266}"
EndProject
Project("{FAE04EC0-301F-11D3-BF4B-00C04F79EFBC}") = "SimpleSerialize", "SimpleSerialize\SimpleSerialize.csproj", "{29FAFCC2-F18D-4153-AA53-EEDCC5284375}"
EndProject
Project("{FAE04EC0-301F-11D3-BF4B-00C04F79EFBC}") = "MyConnectionFactory", "MyConnectionFactory\MyConnectionFactory.csproj", "{DAD789AD-7345-4F6D-A5E7-35B496CB106D}"
EndProject
Project("{FAE04EC0-301F-11D3-BF4B-00C04F79EFBC}") = "DataProviderFactory", "DataProviderFactory\DataProviderFactory.csproj", "{11A9090D-29FD-479F-A91C-67E96A47B9CA}"
EndProject
Project("{FAE04EC0-301F-11D3-BF4B-00C04F79EFBC}") = "AutoLot.Dal", "AutoLot.Dal\AutoLot.Dal.csproj", "{717482D0-52FF-4E48-AA5C-E57C2339FAC4}"
EndProject
Project("{FAE04EC0-301F-11D3-BF4B-00C04F79EFBC}") = "AutoLot.Client", "AutoLot.Client\AutoLot.Client.csproj", "{8B78FF7F-817F-484C-BB98-AAEA5A7EEE1E}"
EndProject
Project("{2150E333-8FDC-42A3-9474-1A3956D46DE8}") = "EF Core", "EF Core", "{0F693463-32EA-4E7F-B779-F44BC57319DF}"
EndProject
Project("{FAE04EC0-301F-11D3-BF4B-00C04F79EFBC}") = "AutoLot.Samples", "AutoLot.Samples\AutoLot.Samples.csproj", "{D7D0D207-53F0-47C2-B14C-17A5E68D46A6}"
EndProject
Project("{2150E333-8FDC-42A3-9474-1A3956D46DE8}") = "AutoLot", "AutoLot", "{7A1ADB5C-7FBE-4264-B80E-5628B7353CFD}"
EndProject
Project("{FAE04EC0-301F-11D3-BF4B-00C04F79EFBC}") = "AutoLot.Models", "AutoLot.Models\AutoLot.Models.csproj", "{9D2724EB-B813-4145-93AC-AF9A8A88AAAE}"
EndProject
Project("{FAE04EC0-301F-11D3-BF4B-00C04F79EFBC}") = "AutoLot.Dals", "AutoLot.Dals\AutoLot.Dals.csproj", "{58AEBE56-D7BE-4AC4-AE36-F9389CEAB210}"
EndProject
Project("{FAE04EC0-301F-11D3-BF4B-00C04F79EFBC}") = "AutoLot.Dal.Tests", "AutoLot.Dal.Tests\AutoLot.Dal.Tests.csproj", "{1D383A4D-4455-4B25-B470-29998797D057}"
EndProject
Project("{FAE04EC0-301F-11D3-BF4B-00C04F79EFBC}") = "MyWordPad", "MyWordPad\MyWordPad.csproj", "{40BD6E32-E592-460A-A54C-307F67FF00EA}"
EndProject
Project("{FAE04EC0-301F-11D3-BF4B-00C04F79EFBC}") = "WpfControlsAndAPIs", "WpfControlsAndAPIs\WpfControlsAndAPIs.csproj", "{F499E1ED-C956-4F92-95C4-E6A61E971DD5}"
EndProject
Project("{2150E333-8FDC-42A3-9474-1A3956D46DE8}") = "WPF", "WPF", "{5922F559-7E18-4746-A6FD-581D9BDD7782}"
EndProject
Project("{FAE04EC0-301F-11D3-BF4B-00C04F79EFBC}") = "RenderingWithShapes", "RenderingWithShapes\RenderingWithShapes.csproj", "{56D9FB63-A788-4160-B3EE-2BA2067638E1}"
EndProject
Project("{FAE04EC0-301F-11D3-BF4B-00C04F79EFBC}") = "FunWithTransforms", "FunWithTransforms\FunWithTransforms.csproj", "{8C528510-1D72-45BC-8AE5-749CD81E2D1D}"
EndProject
Project("{FAE04EC0-301F-11D3-BF4B-00C04F79EFBC}") = "RenderingWithVisuals", "RenderingWithVisuals\RenderingWithVisuals.csproj", "{D23625E6-B3DD-40DF-8B1F-5A1ECD8C5759}"
EndProject
Project("{FAE04EC0-301F-11D3-BF4B-00C04F79EFBC}") = "BinaryResourcesApp", "BinaryResourcesApp\BinaryResourcesApp.csproj", "{6980D9CC-A059-4847-A900-BC9E79B00421}"
EndProject
Project("{FAE04EC0-301F-11D3-BF4B-00C04F79EFBC}") = "SpinningButtonAnimationApp", "SpinningButtonAnimationApp\SpinningButtonAnimationApp.csproj", "{0F86DDED-104C-4F6F-B34E-A2820A1F35D9}"
EndProject
Project("{FAE04EC0-301F-11D3-BF4B-00C04F79EFBC}") = "WpfStyles", "WpfStyles\WpfStyles.csproj", "{DEA33528-7A4E-4B8B-991B-27C4E9EDBBAC}"
EndProject
Project("{FAE04EC0-301F-11D3-BF4B-00C04F79EFBC}") = "TreesAndTemplatesApp", "TreesAndTemplatesApp\TreesAndTemplatesApp.csproj", "{EED7C783-627C-41F5-BB52-43D8C05FC209}"
EndProject
Project("{FAE04EC0-301F-11D3-BF4B-00C04F79EFBC}") = "WpfNotifications", "WpfNotifications\WpfNotifications.csproj", "{D317C891-07BF-4899-8E70-32AE69E60875}"
EndProject
Project("{2150E333-8FDC-42A3-9474-1A3956D46DE8}") = "ASP.NET", "ASP.NET", "{5E985877-4792-4CC1-B874-1DA00E28CE17}"
EndProject
Project("{FAE04EC0-301F-11D3-BF4B-00C04F79EFBC}") = "AutoLot.Api", "AutoLot.Api\AutoLot.Api.csproj", "{0F15B0BB-6DB5-4A39-B9E8-0933BAD27B84}"
EndProject
Project("{FAE04EC0-301F-11D3-BF4B-00C04F79EFBC}") = "AutoLot.Services", "AutoLot.Services\AutoLot.Services.csproj", "{37D2E88E-8E5C-4E6F-918A-F14FFD9F4188}"
EndProject
Project("{FAE04EC0-301F-11D3-BF4B-00C04F79EFBC}") = "AutoLot.Mvc", "AutoLot.Mvc\AutoLot.Mvc.csproj", "{2F918A65-DD18-4684-A30D-892161B26922}"
EndProject
Project("{FAE04EC0-301F-11D3-BF4B-00C04F79EFBC}") = "AutoLot.Web", "AutoLot.Web\AutoLot.Web.csproj", "{ED7E574C-B127-45A1-81D3-F83B496C0951}"
EndProject
Project("{2150E333-8FDC-42A3-9474-1A3956D46DE8}") = "ADO.NET", "ADO.NET", "{B342ED34-71C9-4C74-84C5-390191DE485F}"
EndProject
Global
	GlobalSection(SolutionConfigurationPlatforms) = preSolution
		Debug|Any CPU = Debug|Any CPU
		Debug|x64 = Debug|x64
		Debug|x86 = Debug|x86
		Release|Any CPU = Release|Any CPU
		Release|x64 = Release|x64
		Release|x86 = Release|x86
	EndGlobalSection
	GlobalSection(ProjectConfigurationPlatforms) = postSolution
		{62A9CD79-1B57-44E7-8846-1CDA4E3B14D3}.Debug|Any CPU.ActiveCfg = Debug|Any CPU
		{62A9CD79-1B57-44E7-8846-1CDA4E3B14D3}.Debug|Any CPU.Build.0 = Debug|Any CPU
		{62A9CD79-1B57-44E7-8846-1CDA4E3B14D3}.Debug|x64.ActiveCfg = Debug|Any CPU
		{62A9CD79-1B57-44E7-8846-1CDA4E3B14D3}.Debug|x64.Build.0 = Debug|Any CPU
		{62A9CD79-1B57-44E7-8846-1CDA4E3B14D3}.Debug|x86.ActiveCfg = Debug|Any CPU
		{62A9CD79-1B57-44E7-8846-1CDA4E3B14D3}.Debug|x86.Build.0 = Debug|Any CPU
		{62A9CD79-1B57-44E7-8846-1CDA4E3B14D3}.Release|Any CPU.ActiveCfg = Release|Any CPU
		{62A9CD79-1B57-44E7-8846-1CDA4E3B14D3}.Release|Any CPU.Build.0 = Release|Any CPU
		{62A9CD79-1B57-44E7-8846-1CDA4E3B14D3}.Release|x64.ActiveCfg = Release|Any CPU
		{62A9CD79-1B57-44E7-8846-1CDA4E3B14D3}.Release|x64.Build.0 = Release|Any CPU
		{62A9CD79-1B57-44E7-8846-1CDA4E3B14D3}.Release|x86.ActiveCfg = Release|Any CPU
		{62A9CD79-1B57-44E7-8846-1CDA4E3B14D3}.Release|x86.Build.0 = Release|Any CPU
		{05FF3C65-6326-41C1-8A58-4531F86423FB}.Debug|Any CPU.ActiveCfg = Debug|Any CPU
		{05FF3C65-6326-41C1-8A58-4531F86423FB}.Debug|Any CPU.Build.0 = Debug|Any CPU
		{05FF3C65-6326-41C1-8A58-4531F86423FB}.Debug|x64.ActiveCfg = Debug|Any CPU
		{05FF3C65-6326-41C1-8A58-4531F86423FB}.Debug|x64.Build.0 = Debug|Any CPU
		{05FF3C65-6326-41C1-8A58-4531F86423FB}.Debug|x86.ActiveCfg = Debug|Any CPU
		{05FF3C65-6326-41C1-8A58-4531F86423FB}.Debug|x86.Build.0 = Debug|Any CPU
		{05FF3C65-6326-41C1-8A58-4531F86423FB}.Release|Any CPU.ActiveCfg = Release|Any CPU
		{05FF3C65-6326-41C1-8A58-4531F86423FB}.Release|Any CPU.Build.0 = Release|Any CPU
		{05FF3C65-6326-41C1-8A58-4531F86423FB}.Release|x64.ActiveCfg = Release|Any CPU
		{05FF3C65-6326-41C1-8A58-4531F86423FB}.Release|x64.Build.0 = Release|Any CPU
		{05FF3C65-6326-41C1-8A58-4531F86423FB}.Release|x86.ActiveCfg = Release|Any CPU
		{05FF3C65-6326-41C1-8A58-4531F86423FB}.Release|x86.Build.0 = Release|Any CPU
		{2A7F3BBB-2305-4FAC-A532-16BE4DA1A248}.Debug|Any CPU.ActiveCfg = Debug|Any CPU
		{2A7F3BBB-2305-4FAC-A532-16BE4DA1A248}.Debug|Any CPU.Build.0 = Debug|Any CPU
		{2A7F3BBB-2305-4FAC-A532-16BE4DA1A248}.Debug|x64.ActiveCfg = Debug|Any CPU
		{2A7F3BBB-2305-4FAC-A532-16BE4DA1A248}.Debug|x64.Build.0 = Debug|Any CPU
		{2A7F3BBB-2305-4FAC-A532-16BE4DA1A248}.Debug|x86.ActiveCfg = Debug|Any CPU
		{2A7F3BBB-2305-4FAC-A532-16BE4DA1A248}.Debug|x86.Build.0 = Debug|Any CPU
		{2A7F3BBB-2305-4FAC-A532-16BE4DA1A248}.Release|Any CPU.ActiveCfg = Release|Any CPU
		{2A7F3BBB-2305-4FAC-A532-16BE4DA1A248}.Release|Any CPU.Build.0 = Release|Any CPU
		{2A7F3BBB-2305-4FAC-A532-16BE4DA1A248}.Release|x64.ActiveCfg = Release|Any CPU
		{2A7F3BBB-2305-4FAC-A532-16BE4DA1A248}.Release|x64.Build.0 = Release|Any CPU
		{2A7F3BBB-2305-4FAC-A532-16BE4DA1A248}.Release|x86.ActiveCfg = Release|Any CPU
		{2A7F3BBB-2305-4FAC-A532-16BE4DA1A248}.Release|x86.Build.0 = Release|Any CPU
		{2CE30A71-6F55-4C73-BD6E-53B9DA587BD6}.Debug|Any CPU.ActiveCfg = Debug|Any CPU
		{2CE30A71-6F55-4C73-BD6E-53B9DA587BD6}.Debug|Any CPU.Build.0 = Debug|Any CPU
		{2CE30A71-6F55-4C73-BD6E-53B9DA587BD6}.Debug|x64.ActiveCfg = Debug|Any CPU
		{2CE30A71-6F55-4C73-BD6E-53B9DA587BD6}.Debug|x64.Build.0 = Debug|Any CPU
		{2CE30A71-6F55-4C73-BD6E-53B9DA587BD6}.Debug|x86.ActiveCfg = Debug|Any CPU
		{2CE30A71-6F55-4C73-BD6E-53B9DA587BD6}.Debug|x86.Build.0 = Debug|Any CPU
		{2CE30A71-6F55-4C73-BD6E-53B9DA587BD6}.Release|Any CPU.ActiveCfg = Release|Any CPU
		{2CE30A71-6F55-4C73-BD6E-53B9DA587BD6}.Release|Any CPU.Build.0 = Release|Any CPU
		{2CE30A71-6F55-4C73-BD6E-53B9DA587BD6}.Release|x64.ActiveCfg = Release|Any CPU
		{2CE30A71-6F55-4C73-BD6E-53B9DA587BD6}.Release|x64.Build.0 = Release|Any CPU
		{2CE30A71-6F55-4C73-BD6E-53B9DA587BD6}.Release|x86.ActiveCfg = Release|Any CPU
		{2CE30A71-6F55-4C73-BD6E-53B9DA587BD6}.Release|x86.Build.0 = Release|Any CPU
		{19F815A4-63D4-4E5D-9E1F-DE181D1998CB}.Debug|Any CPU.ActiveCfg = Debug|Any CPU
		{19F815A4-63D4-4E5D-9E1F-DE181D1998CB}.Debug|Any CPU.Build.0 = Debug|Any CPU
		{19F815A4-63D4-4E5D-9E1F-DE181D1998CB}.Debug|x64.ActiveCfg = Debug|Any CPU
		{19F815A4-63D4-4E5D-9E1F-DE181D1998CB}.Debug|x64.Build.0 = Debug|Any CPU
		{19F815A4-63D4-4E5D-9E1F-DE181D1998CB}.Debug|x86.ActiveCfg = Debug|Any CPU
		{19F815A4-63D4-4E5D-9E1F-DE181D1998CB}.Debug|x86.Build.0 = Debug|Any CPU
		{19F815A4-63D4-4E5D-9E1F-DE181D1998CB}.Release|Any CPU.ActiveCfg = Release|Any CPU
		{19F815A4-63D4-4E5D-9E1F-DE181D1998CB}.Release|Any CPU.Build.0 = Release|Any CPU
		{19F815A4-63D4-4E5D-9E1F-DE181D1998CB}.Release|x64.ActiveCfg = Release|Any CPU
		{19F815A4-63D4-4E5D-9E1F-DE181D1998CB}.Release|x64.Build.0 = Release|Any CPU
		{19F815A4-63D4-4E5D-9E1F-DE181D1998CB}.Release|x86.ActiveCfg = Release|Any CPU
		{19F815A4-63D4-4E5D-9E1F-DE181D1998CB}.Release|x86.Build.0 = Release|Any CPU
		{D74C52F6-8354-4C5C-B860-91F613EB3D0B}.Debug|Any CPU.ActiveCfg = Debug|Any CPU
		{D74C52F6-8354-4C5C-B860-91F613EB3D0B}.Debug|Any CPU.Build.0 = Debug|Any CPU
		{D74C52F6-8354-4C5C-B860-91F613EB3D0B}.Debug|x64.ActiveCfg = Debug|Any CPU
		{D74C52F6-8354-4C5C-B860-91F613EB3D0B}.Debug|x64.Build.0 = Debug|Any CPU
		{D74C52F6-8354-4C5C-B860-91F613EB3D0B}.Debug|x86.ActiveCfg = Debug|Any CPU
		{D74C52F6-8354-4C5C-B860-91F613EB3D0B}.Debug|x86.Build.0 = Debug|Any CPU
		{D74C52F6-8354-4C5C-B860-91F613EB3D0B}.Release|Any CPU.ActiveCfg = Release|Any CPU
		{D74C52F6-8354-4C5C-B860-91F613EB3D0B}.Release|Any CPU.Build.0 = Release|Any CPU
		{D74C52F6-8354-4C5C-B860-91F613EB3D0B}.Release|x64.ActiveCfg = Release|Any CPU
		{D74C52F6-8354-4C5C-B860-91F613EB3D0B}.Release|x64.Build.0 = Release|Any CPU
		{D74C52F6-8354-4C5C-B860-91F613EB3D0B}.Release|x86.ActiveCfg = Release|Any CPU
		{D74C52F6-8354-4C5C-B860-91F613EB3D0B}.Release|x86.Build.0 = Release|Any CPU
		{D99FC759-B773-4265-BE6F-9224185B0314}.Debug|Any CPU.ActiveCfg = Debug|Any CPU
		{D99FC759-B773-4265-BE6F-9224185B0314}.Debug|Any CPU.Build.0 = Debug|Any CPU
		{D99FC759-B773-4265-BE6F-9224185B0314}.Debug|x64.ActiveCfg = Debug|Any CPU
		{D99FC759-B773-4265-BE6F-9224185B0314}.Debug|x64.Build.0 = Debug|Any CPU
		{D99FC759-B773-4265-BE6F-9224185B0314}.Debug|x86.ActiveCfg = Debug|Any CPU
		{D99FC759-B773-4265-BE6F-9224185B0314}.Debug|x86.Build.0 = Debug|Any CPU
		{D99FC759-B773-4265-BE6F-9224185B0314}.Release|Any CPU.ActiveCfg = Release|Any CPU
		{D99FC759-B773-4265-BE6F-9224185B0314}.Release|Any CPU.Build.0 = Release|Any CPU
		{D99FC759-B773-4265-BE6F-9224185B0314}.Release|x64.ActiveCfg = Release|Any CPU
		{D99FC759-B773-4265-BE6F-9224185B0314}.Release|x64.Build.0 = Release|Any CPU
		{D99FC759-B773-4265-BE6F-9224185B0314}.Release|x86.ActiveCfg = Release|Any CPU
		{D99FC759-B773-4265-BE6F-9224185B0314}.Release|x86.Build.0 = Release|Any CPU
		{49024B8D-E216-44F5-AE6E-612F0CE06EA7}.Debug|Any CPU.ActiveCfg = Debug|Any CPU
		{49024B8D-E216-44F5-AE6E-612F0CE06EA7}.Debug|Any CPU.Build.0 = Debug|Any CPU
		{49024B8D-E216-44F5-AE6E-612F0CE06EA7}.Debug|x64.ActiveCfg = Debug|Any CPU
		{49024B8D-E216-44F5-AE6E-612F0CE06EA7}.Debug|x64.Build.0 = Debug|Any CPU
		{49024B8D-E216-44F5-AE6E-612F0CE06EA7}.Debug|x86.ActiveCfg = Debug|Any CPU
		{49024B8D-E216-44F5-AE6E-612F0CE06EA7}.Debug|x86.Build.0 = Debug|Any CPU
		{49024B8D-E216-44F5-AE6E-612F0CE06EA7}.Release|Any CPU.ActiveCfg = Release|Any CPU
		{49024B8D-E216-44F5-AE6E-612F0CE06EA7}.Release|Any CPU.Build.0 = Release|Any CPU
		{49024B8D-E216-44F5-AE6E-612F0CE06EA7}.Release|x64.ActiveCfg = Release|Any CPU
		{49024B8D-E216-44F5-AE6E-612F0CE06EA7}.Release|x64.Build.0 = Release|Any CPU
		{49024B8D-E216-44F5-AE6E-612F0CE06EA7}.Release|x86.ActiveCfg = Release|Any CPU
		{49024B8D-E216-44F5-AE6E-612F0CE06EA7}.Release|x86.Build.0 = Release|Any CPU
		{53838D98-14F0-4C27-B8ED-9A93185C1E8D}.Debug|Any CPU.ActiveCfg = Debug|Any CPU
		{53838D98-14F0-4C27-B8ED-9A93185C1E8D}.Debug|Any CPU.Build.0 = Debug|Any CPU
		{53838D98-14F0-4C27-B8ED-9A93185C1E8D}.Debug|x64.ActiveCfg = Debug|Any CPU
		{53838D98-14F0-4C27-B8ED-9A93185C1E8D}.Debug|x64.Build.0 = Debug|Any CPU
		{53838D98-14F0-4C27-B8ED-9A93185C1E8D}.Debug|x86.ActiveCfg = Debug|Any CPU
		{53838D98-14F0-4C27-B8ED-9A93185C1E8D}.Debug|x86.Build.0 = Debug|Any CPU
		{53838D98-14F0-4C27-B8ED-9A93185C1E8D}.Release|Any CPU.ActiveCfg = Release|Any CPU
		{53838D98-14F0-4C27-B8ED-9A93185C1E8D}.Release|Any CPU.Build.0 = Release|Any CPU
		{53838D98-14F0-4C27-B8ED-9A93185C1E8D}.Release|x64.ActiveCfg = Release|Any CPU
		{53838D98-14F0-4C27-B8ED-9A93185C1E8D}.Release|x64.Build.0 = Release|Any CPU
		{53838D98-14F0-4C27-B8ED-9A93185C1E8D}.Release|x86.ActiveCfg = Release|Any CPU
		{53838D98-14F0-4C27-B8ED-9A93185C1E8D}.Release|x86.Build.0 = Release|Any CPU
		{A94699AC-2B1A-4D0A-BA74-F4BA062FBCA5}.Debug|Any CPU.ActiveCfg = Debug|Any CPU
		{A94699AC-2B1A-4D0A-BA74-F4BA062FBCA5}.Debug|Any CPU.Build.0 = Debug|Any CPU
		{A94699AC-2B1A-4D0A-BA74-F4BA062FBCA5}.Debug|x64.ActiveCfg = Debug|Any CPU
		{A94699AC-2B1A-4D0A-BA74-F4BA062FBCA5}.Debug|x64.Build.0 = Debug|Any CPU
		{A94699AC-2B1A-4D0A-BA74-F4BA062FBCA5}.Debug|x86.ActiveCfg = Debug|Any CPU
		{A94699AC-2B1A-4D0A-BA74-F4BA062FBCA5}.Debug|x86.Build.0 = Debug|Any CPU
		{A94699AC-2B1A-4D0A-BA74-F4BA062FBCA5}.Release|Any CPU.ActiveCfg = Release|Any CPU
		{A94699AC-2B1A-4D0A-BA74-F4BA062FBCA5}.Release|Any CPU.Build.0 = Release|Any CPU
		{A94699AC-2B1A-4D0A-BA74-F4BA062FBCA5}.Release|x64.ActiveCfg = Release|Any CPU
		{A94699AC-2B1A-4D0A-BA74-F4BA062FBCA5}.Release|x64.Build.0 = Release|Any CPU
		{A94699AC-2B1A-4D0A-BA74-F4BA062FBCA5}.Release|x86.ActiveCfg = Release|Any CPU
		{A94699AC-2B1A-4D0A-BA74-F4BA062FBCA5}.Release|x86.Build.0 = Release|Any CPU
		{BECC9549-E3EA-4B8D-86C7-1F975F9DB352}.Debug|Any CPU.ActiveCfg = Debug|Any CPU
		{BECC9549-E3EA-4B8D-86C7-1F975F9DB352}.Debug|Any CPU.Build.0 = Debug|Any CPU
		{BECC9549-E3EA-4B8D-86C7-1F975F9DB352}.Debug|x64.ActiveCfg = Debug|Any CPU
		{BECC9549-E3EA-4B8D-86C7-1F975F9DB352}.Debug|x64.Build.0 = Debug|Any CPU
		{BECC9549-E3EA-4B8D-86C7-1F975F9DB352}.Debug|x86.ActiveCfg = Debug|Any CPU
		{BECC9549-E3EA-4B8D-86C7-1F975F9DB352}.Debug|x86.Build.0 = Debug|Any CPU
		{BECC9549-E3EA-4B8D-86C7-1F975F9DB352}.Release|Any CPU.ActiveCfg = Release|Any CPU
		{BECC9549-E3EA-4B8D-86C7-1F975F9DB352}.Release|Any CPU.Build.0 = Release|Any CPU
		{BECC9549-E3EA-4B8D-86C7-1F975F9DB352}.Release|x64.ActiveCfg = Release|Any CPU
		{BECC9549-E3EA-4B8D-86C7-1F975F9DB352}.Release|x64.Build.0 = Release|Any CPU
		{BECC9549-E3EA-4B8D-86C7-1F975F9DB352}.Release|x86.ActiveCfg = Release|Any CPU
		{BECC9549-E3EA-4B8D-86C7-1F975F9DB352}.Release|x86.Build.0 = Release|Any CPU
		{4BF0C8FD-DE2C-4509-B335-412018CC223F}.Debug|Any CPU.ActiveCfg = Debug|Any CPU
		{4BF0C8FD-DE2C-4509-B335-412018CC223F}.Debug|Any CPU.Build.0 = Debug|Any CPU
		{4BF0C8FD-DE2C-4509-B335-412018CC223F}.Debug|x64.ActiveCfg = Debug|Any CPU
		{4BF0C8FD-DE2C-4509-B335-412018CC223F}.Debug|x64.Build.0 = Debug|Any CPU
		{4BF0C8FD-DE2C-4509-B335-412018CC223F}.Debug|x86.ActiveCfg = Debug|Any CPU
		{4BF0C8FD-DE2C-4509-B335-412018CC223F}.Debug|x86.Build.0 = Debug|Any CPU
		{4BF0C8FD-DE2C-4509-B335-412018CC223F}.Release|Any CPU.ActiveCfg = Release|Any CPU
		{4BF0C8FD-DE2C-4509-B335-412018CC223F}.Release|Any CPU.Build.0 = Release|Any CPU
		{4BF0C8FD-DE2C-4509-B335-412018CC223F}.Release|x64.ActiveCfg = Release|Any CPU
		{4BF0C8FD-DE2C-4509-B335-412018CC223F}.Release|x64.Build.0 = Release|Any CPU
		{4BF0C8FD-DE2C-4509-B335-412018CC223F}.Release|x86.ActiveCfg = Release|Any CPU
		{4BF0C8FD-DE2C-4509-B335-412018CC223F}.Release|x86.Build.0 = Release|Any CPU
		{C8092B4E-FE94-4508-B097-6FE7C428120E}.Debug|Any CPU.ActiveCfg = Debug|Any CPU
		{C8092B4E-FE94-4508-B097-6FE7C428120E}.Debug|Any CPU.Build.0 = Debug|Any CPU
		{C8092B4E-FE94-4508-B097-6FE7C428120E}.Debug|x64.ActiveCfg = Debug|Any CPU
		{C8092B4E-FE94-4508-B097-6FE7C428120E}.Debug|x64.Build.0 = Debug|Any CPU
		{C8092B4E-FE94-4508-B097-6FE7C428120E}.Debug|x86.ActiveCfg = Debug|Any CPU
		{C8092B4E-FE94-4508-B097-6FE7C428120E}.Debug|x86.Build.0 = Debug|Any CPU
		{C8092B4E-FE94-4508-B097-6FE7C428120E}.Release|Any CPU.ActiveCfg = Release|Any CPU
		{C8092B4E-FE94-4508-B097-6FE7C428120E}.Release|Any CPU.Build.0 = Release|Any CPU
		{C8092B4E-FE94-4508-B097-6FE7C428120E}.Release|x64.ActiveCfg = Release|Any CPU
		{C8092B4E-FE94-4508-B097-6FE7C428120E}.Release|x64.Build.0 = Release|Any CPU
		{C8092B4E-FE94-4508-B097-6FE7C428120E}.Release|x86.ActiveCfg = Release|Any CPU
		{C8092B4E-FE94-4508-B097-6FE7C428120E}.Release|x86.Build.0 = Release|Any CPU
		{9EA92533-A697-4752-B2CD-A06572C4F0C7}.Debug|Any CPU.ActiveCfg = Debug|Any CPU
		{9EA92533-A697-4752-B2CD-A06572C4F0C7}.Debug|Any CPU.Build.0 = Debug|Any CPU
		{9EA92533-A697-4752-B2CD-A06572C4F0C7}.Debug|x64.ActiveCfg = Debug|Any CPU
		{9EA92533-A697-4752-B2CD-A06572C4F0C7}.Debug|x64.Build.0 = Debug|Any CPU
		{9EA92533-A697-4752-B2CD-A06572C4F0C7}.Debug|x86.ActiveCfg = Debug|Any CPU
		{9EA92533-A697-4752-B2CD-A06572C4F0C7}.Debug|x86.Build.0 = Debug|Any CPU
		{9EA92533-A697-4752-B2CD-A06572C4F0C7}.Release|Any CPU.ActiveCfg = Release|Any CPU
		{9EA92533-A697-4752-B2CD-A06572C4F0C7}.Release|Any CPU.Build.0 = Release|Any CPU
		{9EA92533-A697-4752-B2CD-A06572C4F0C7}.Release|x64.ActiveCfg = Release|Any CPU
		{9EA92533-A697-4752-B2CD-A06572C4F0C7}.Release|x64.Build.0 = Release|Any CPU
		{9EA92533-A697-4752-B2CD-A06572C4F0C7}.Release|x86.ActiveCfg = Release|Any CPU
		{9EA92533-A697-4752-B2CD-A06572C4F0C7}.Release|x86.Build.0 = Release|Any CPU
		{C1AFD741-C409-4371-A570-9A778E3B7C1A}.Debug|Any CPU.ActiveCfg = Debug|Any CPU
		{C1AFD741-C409-4371-A570-9A778E3B7C1A}.Debug|Any CPU.Build.0 = Debug|Any CPU
		{C1AFD741-C409-4371-A570-9A778E3B7C1A}.Debug|x64.ActiveCfg = Debug|Any CPU
		{C1AFD741-C409-4371-A570-9A778E3B7C1A}.Debug|x64.Build.0 = Debug|Any CPU
		{C1AFD741-C409-4371-A570-9A778E3B7C1A}.Debug|x86.ActiveCfg = Debug|Any CPU
		{C1AFD741-C409-4371-A570-9A778E3B7C1A}.Debug|x86.Build.0 = Debug|Any CPU
		{C1AFD741-C409-4371-A570-9A778E3B7C1A}.Release|Any CPU.ActiveCfg = Release|Any CPU
		{C1AFD741-C409-4371-A570-9A778E3B7C1A}.Release|Any CPU.Build.0 = Release|Any CPU
		{C1AFD741-C409-4371-A570-9A778E3B7C1A}.Release|x64.ActiveCfg = Release|Any CPU
		{C1AFD741-C409-4371-A570-9A778E3B7C1A}.Release|x64.Build.0 = Release|Any CPU
		{C1AFD741-C409-4371-A570-9A778E3B7C1A}.Release|x86.ActiveCfg = Release|Any CPU
		{C1AFD741-C409-4371-A570-9A778E3B7C1A}.Release|x86.Build.0 = Release|Any CPU
		{55619FAF-B178-4533-8546-F33D68E0BCAE}.Debug|Any CPU.ActiveCfg = Debug|Any CPU
		{55619FAF-B178-4533-8546-F33D68E0BCAE}.Debug|Any CPU.Build.0 = Debug|Any CPU
		{55619FAF-B178-4533-8546-F33D68E0BCAE}.Debug|x64.ActiveCfg = Debug|Any CPU
		{55619FAF-B178-4533-8546-F33D68E0BCAE}.Debug|x64.Build.0 = Debug|Any CPU
		{55619FAF-B178-4533-8546-F33D68E0BCAE}.Debug|x86.ActiveCfg = Debug|Any CPU
		{55619FAF-B178-4533-8546-F33D68E0BCAE}.Debug|x86.Build.0 = Debug|Any CPU
		{55619FAF-B178-4533-8546-F33D68E0BCAE}.Release|Any CPU.ActiveCfg = Release|Any CPU
		{55619FAF-B178-4533-8546-F33D68E0BCAE}.Release|Any CPU.Build.0 = Release|Any CPU
		{55619FAF-B178-4533-8546-F33D68E0BCAE}.Release|x64.ActiveCfg = Release|Any CPU
		{55619FAF-B178-4533-8546-F33D68E0BCAE}.Release|x64.Build.0 = Release|Any CPU
		{55619FAF-B178-4533-8546-F33D68E0BCAE}.Release|x86.ActiveCfg = Release|Any CPU
		{55619FAF-B178-4533-8546-F33D68E0BCAE}.Release|x86.Build.0 = Release|Any CPU
		{F48362F5-3BB9-4A69-AE3B-070487D86979}.Debug|Any CPU.ActiveCfg = Debug|Any CPU
		{F48362F5-3BB9-4A69-AE3B-070487D86979}.Debug|Any CPU.Build.0 = Debug|Any CPU
		{F48362F5-3BB9-4A69-AE3B-070487D86979}.Debug|x64.ActiveCfg = Debug|Any CPU
		{F48362F5-3BB9-4A69-AE3B-070487D86979}.Debug|x64.Build.0 = Debug|Any CPU
		{F48362F5-3BB9-4A69-AE3B-070487D86979}.Debug|x86.ActiveCfg = Debug|Any CPU
		{F48362F5-3BB9-4A69-AE3B-070487D86979}.Debug|x86.Build.0 = Debug|Any CPU
		{F48362F5-3BB9-4A69-AE3B-070487D86979}.Release|Any CPU.ActiveCfg = Release|Any CPU
		{F48362F5-3BB9-4A69-AE3B-070487D86979}.Release|Any CPU.Build.0 = Release|Any CPU
		{F48362F5-3BB9-4A69-AE3B-070487D86979}.Release|x64.ActiveCfg = Release|Any CPU
		{F48362F5-3BB9-4A69-AE3B-070487D86979}.Release|x64.Build.0 = Release|Any CPU
		{F48362F5-3BB9-4A69-AE3B-070487D86979}.Release|x86.ActiveCfg = Release|Any CPU
		{F48362F5-3BB9-4A69-AE3B-070487D86979}.Release|x86.Build.0 = Release|Any CPU
		{84CEC7C3-ECFC-4A1C-ADF1-005C80261BCA}.Debug|Any CPU.ActiveCfg = Debug|Any CPU
		{84CEC7C3-ECFC-4A1C-ADF1-005C80261BCA}.Debug|Any CPU.Build.0 = Debug|Any CPU
		{84CEC7C3-ECFC-4A1C-ADF1-005C80261BCA}.Debug|x64.ActiveCfg = Debug|Any CPU
		{84CEC7C3-ECFC-4A1C-ADF1-005C80261BCA}.Debug|x64.Build.0 = Debug|Any CPU
		{84CEC7C3-ECFC-4A1C-ADF1-005C80261BCA}.Debug|x86.ActiveCfg = Debug|Any CPU
		{84CEC7C3-ECFC-4A1C-ADF1-005C80261BCA}.Debug|x86.Build.0 = Debug|Any CPU
		{84CEC7C3-ECFC-4A1C-ADF1-005C80261BCA}.Release|Any CPU.ActiveCfg = Release|Any CPU
		{84CEC7C3-ECFC-4A1C-ADF1-005C80261BCA}.Release|Any CPU.Build.0 = Release|Any CPU
		{84CEC7C3-ECFC-4A1C-ADF1-005C80261BCA}.Release|x64.ActiveCfg = Release|Any CPU
		{84CEC7C3-ECFC-4A1C-ADF1-005C80261BCA}.Release|x64.Build.0 = Release|Any CPU
		{84CEC7C3-ECFC-4A1C-ADF1-005C80261BCA}.Release|x86.ActiveCfg = Release|Any CPU
		{84CEC7C3-ECFC-4A1C-ADF1-005C80261BCA}.Release|x86.Build.0 = Release|Any CPU
		{71655869-9CA2-4C20-8013-B535D7844A55}.Debug|Any CPU.ActiveCfg = Debug|Any CPU
		{71655869-9CA2-4C20-8013-B535D7844A55}.Debug|Any CPU.Build.0 = Debug|Any CPU
		{71655869-9CA2-4C20-8013-B535D7844A55}.Debug|x64.ActiveCfg = Debug|Any CPU
		{71655869-9CA2-4C20-8013-B535D7844A55}.Debug|x64.Build.0 = Debug|Any CPU
		{71655869-9CA2-4C20-8013-B535D7844A55}.Debug|x86.ActiveCfg = Debug|Any CPU
		{71655869-9CA2-4C20-8013-B535D7844A55}.Debug|x86.Build.0 = Debug|Any CPU
		{71655869-9CA2-4C20-8013-B535D7844A55}.Release|Any CPU.ActiveCfg = Release|Any CPU
		{71655869-9CA2-4C20-8013-B535D7844A55}.Release|Any CPU.Build.0 = Release|Any CPU
		{71655869-9CA2-4C20-8013-B535D7844A55}.Release|x64.ActiveCfg = Release|Any CPU
		{71655869-9CA2-4C20-8013-B535D7844A55}.Release|x64.Build.0 = Release|Any CPU
		{71655869-9CA2-4C20-8013-B535D7844A55}.Release|x86.ActiveCfg = Release|Any CPU
		{71655869-9CA2-4C20-8013-B535D7844A55}.Release|x86.Build.0 = Release|Any CPU
		{649130AA-5B5A-4D26-81BF-1F51385C9740}.Debug|Any CPU.ActiveCfg = Debug|Any CPU
		{649130AA-5B5A-4D26-81BF-1F51385C9740}.Debug|Any CPU.Build.0 = Debug|Any CPU
		{649130AA-5B5A-4D26-81BF-1F51385C9740}.Debug|x64.ActiveCfg = Debug|Any CPU
		{649130AA-5B5A-4D26-81BF-1F51385C9740}.Debug|x64.Build.0 = Debug|Any CPU
		{649130AA-5B5A-4D26-81BF-1F51385C9740}.Debug|x86.ActiveCfg = Debug|Any CPU
		{649130AA-5B5A-4D26-81BF-1F51385C9740}.Debug|x86.Build.0 = Debug|Any CPU
		{649130AA-5B5A-4D26-81BF-1F51385C9740}.Release|Any CPU.ActiveCfg = Release|Any CPU
		{649130AA-5B5A-4D26-81BF-1F51385C9740}.Release|Any CPU.Build.0 = Release|Any CPU
		{649130AA-5B5A-4D26-81BF-1F51385C9740}.Release|x64.ActiveCfg = Release|Any CPU
		{649130AA-5B5A-4D26-81BF-1F51385C9740}.Release|x64.Build.0 = Release|Any CPU
		{649130AA-5B5A-4D26-81BF-1F51385C9740}.Release|x86.ActiveCfg = Release|Any CPU
		{649130AA-5B5A-4D26-81BF-1F51385C9740}.Release|x86.Build.0 = Release|Any CPU
		{D2F2FDFC-D53D-4256-AC34-7CEFC9BA0963}.Debug|Any CPU.ActiveCfg = Debug|Any CPU
		{D2F2FDFC-D53D-4256-AC34-7CEFC9BA0963}.Debug|Any CPU.Build.0 = Debug|Any CPU
		{D2F2FDFC-D53D-4256-AC34-7CEFC9BA0963}.Debug|x64.ActiveCfg = Debug|Any CPU
		{D2F2FDFC-D53D-4256-AC34-7CEFC9BA0963}.Debug|x64.Build.0 = Debug|Any CPU
		{D2F2FDFC-D53D-4256-AC34-7CEFC9BA0963}.Debug|x86.ActiveCfg = Debug|Any CPU
		{D2F2FDFC-D53D-4256-AC34-7CEFC9BA0963}.Debug|x86.Build.0 = Debug|Any CPU
		{D2F2FDFC-D53D-4256-AC34-7CEFC9BA0963}.Release|Any CPU.ActiveCfg = Release|Any CPU
		{D2F2FDFC-D53D-4256-AC34-7CEFC9BA0963}.Release|Any CPU.Build.0 = Release|Any CPU
		{D2F2FDFC-D53D-4256-AC34-7CEFC9BA0963}.Release|x64.ActiveCfg = Release|Any CPU
		{D2F2FDFC-D53D-4256-AC34-7CEFC9BA0963}.Release|x64.Build.0 = Release|Any CPU
		{D2F2FDFC-D53D-4256-AC34-7CEFC9BA0963}.Release|x86.ActiveCfg = Release|Any CPU
		{D2F2FDFC-D53D-4256-AC34-7CEFC9BA0963}.Release|x86.Build.0 = Release|Any CPU
		{8284146F-3056-492F-B50F-63BF275D0B40}.Debug|Any CPU.ActiveCfg = Debug|Any CPU
		{8284146F-3056-492F-B50F-63BF275D0B40}.Debug|Any CPU.Build.0 = Debug|Any CPU
		{8284146F-3056-492F-B50F-63BF275D0B40}.Debug|x64.ActiveCfg = Debug|Any CPU
		{8284146F-3056-492F-B50F-63BF275D0B40}.Debug|x64.Build.0 = Debug|Any CPU
		{8284146F-3056-492F-B50F-63BF275D0B40}.Debug|x86.ActiveCfg = Debug|Any CPU
		{8284146F-3056-492F-B50F-63BF275D0B40}.Debug|x86.Build.0 = Debug|Any CPU
		{8284146F-3056-492F-B50F-63BF275D0B40}.Release|Any CPU.ActiveCfg = Release|Any CPU
		{8284146F-3056-492F-B50F-63BF275D0B40}.Release|Any CPU.Build.0 = Release|Any CPU
		{8284146F-3056-492F-B50F-63BF275D0B40}.Release|x64.ActiveCfg = Release|Any CPU
		{8284146F-3056-492F-B50F-63BF275D0B40}.Release|x64.Build.0 = Release|Any CPU
		{8284146F-3056-492F-B50F-63BF275D0B40}.Release|x86.ActiveCfg = Release|Any CPU
		{8284146F-3056-492F-B50F-63BF275D0B40}.Release|x86.Build.0 = Release|Any CPU
		{E3F436DF-3AE2-4DB5-89DD-23078D635FE0}.Debug|Any CPU.ActiveCfg = Debug|Any CPU
		{E3F436DF-3AE2-4DB5-89DD-23078D635FE0}.Debug|Any CPU.Build.0 = Debug|Any CPU
		{E3F436DF-3AE2-4DB5-89DD-23078D635FE0}.Debug|x64.ActiveCfg = Debug|Any CPU
		{E3F436DF-3AE2-4DB5-89DD-23078D635FE0}.Debug|x64.Build.0 = Debug|Any CPU
		{E3F436DF-3AE2-4DB5-89DD-23078D635FE0}.Debug|x86.ActiveCfg = Debug|Any CPU
		{E3F436DF-3AE2-4DB5-89DD-23078D635FE0}.Debug|x86.Build.0 = Debug|Any CPU
		{E3F436DF-3AE2-4DB5-89DD-23078D635FE0}.Release|Any CPU.ActiveCfg = Release|Any CPU
		{E3F436DF-3AE2-4DB5-89DD-23078D635FE0}.Release|Any CPU.Build.0 = Release|Any CPU
		{E3F436DF-3AE2-4DB5-89DD-23078D635FE0}.Release|x64.ActiveCfg = Release|Any CPU
		{E3F436DF-3AE2-4DB5-89DD-23078D635FE0}.Release|x64.Build.0 = Release|Any CPU
		{E3F436DF-3AE2-4DB5-89DD-23078D635FE0}.Release|x86.ActiveCfg = Release|Any CPU
		{E3F436DF-3AE2-4DB5-89DD-23078D635FE0}.Release|x86.Build.0 = Release|Any CPU
		{62B2A5A6-2B6B-4028-9450-19D37CF4A020}.Debug|Any CPU.ActiveCfg = Debug|Any CPU
		{62B2A5A6-2B6B-4028-9450-19D37CF4A020}.Debug|Any CPU.Build.0 = Debug|Any CPU
		{62B2A5A6-2B6B-4028-9450-19D37CF4A020}.Debug|x64.ActiveCfg = Debug|Any CPU
		{62B2A5A6-2B6B-4028-9450-19D37CF4A020}.Debug|x64.Build.0 = Debug|Any CPU
		{62B2A5A6-2B6B-4028-9450-19D37CF4A020}.Debug|x86.ActiveCfg = Debug|Any CPU
		{62B2A5A6-2B6B-4028-9450-19D37CF4A020}.Debug|x86.Build.0 = Debug|Any CPU
		{62B2A5A6-2B6B-4028-9450-19D37CF4A020}.Release|Any CPU.ActiveCfg = Release|Any CPU
		{62B2A5A6-2B6B-4028-9450-19D37CF4A020}.Release|Any CPU.Build.0 = Release|Any CPU
		{62B2A5A6-2B6B-4028-9450-19D37CF4A020}.Release|x64.ActiveCfg = Release|Any CPU
		{62B2A5A6-2B6B-4028-9450-19D37CF4A020}.Release|x64.Build.0 = Release|Any CPU
		{62B2A5A6-2B6B-4028-9450-19D37CF4A020}.Release|x86.ActiveCfg = Release|Any CPU
		{62B2A5A6-2B6B-4028-9450-19D37CF4A020}.Release|x86.Build.0 = Release|Any CPU
		{699C625D-15CF-4E8A-A78C-DEEEA1DC975C}.Debug|Any CPU.ActiveCfg = Debug|Any CPU
		{699C625D-15CF-4E8A-A78C-DEEEA1DC975C}.Debug|Any CPU.Build.0 = Debug|Any CPU
		{699C625D-15CF-4E8A-A78C-DEEEA1DC975C}.Debug|x64.ActiveCfg = Debug|Any CPU
		{699C625D-15CF-4E8A-A78C-DEEEA1DC975C}.Debug|x64.Build.0 = Debug|Any CPU
		{699C625D-15CF-4E8A-A78C-DEEEA1DC975C}.Debug|x86.ActiveCfg = Debug|Any CPU
		{699C625D-15CF-4E8A-A78C-DEEEA1DC975C}.Debug|x86.Build.0 = Debug|Any CPU
		{699C625D-15CF-4E8A-A78C-DEEEA1DC975C}.Release|Any CPU.ActiveCfg = Release|Any CPU
		{699C625D-15CF-4E8A-A78C-DEEEA1DC975C}.Release|Any CPU.Build.0 = Release|Any CPU
		{699C625D-15CF-4E8A-A78C-DEEEA1DC975C}.Release|x64.ActiveCfg = Release|Any CPU
		{699C625D-15CF-4E8A-A78C-DEEEA1DC975C}.Release|x64.Build.0 = Release|Any CPU
		{699C625D-15CF-4E8A-A78C-DEEEA1DC975C}.Release|x86.ActiveCfg = Release|Any CPU
		{699C625D-15CF-4E8A-A78C-DEEEA1DC975C}.Release|x86.Build.0 = Release|Any CPU
		{A9CE892C-5A97-4976-A8D0-8D827E00A266}.Debug|Any CPU.ActiveCfg = Debug|Any CPU
		{A9CE892C-5A97-4976-A8D0-8D827E00A266}.Debug|Any CPU.Build.0 = Debug|Any CPU
		{A9CE892C-5A97-4976-A8D0-8D827E00A266}.Debug|x64.ActiveCfg = Debug|Any CPU
		{A9CE892C-5A97-4976-A8D0-8D827E00A266}.Debug|x64.Build.0 = Debug|Any CPU
		{A9CE892C-5A97-4976-A8D0-8D827E00A266}.Debug|x86.ActiveCfg = Debug|Any CPU
		{A9CE892C-5A97-4976-A8D0-8D827E00A266}.Debug|x86.Build.0 = Debug|Any CPU
		{A9CE892C-5A97-4976-A8D0-8D827E00A266}.Release|Any CPU.ActiveCfg = Release|Any CPU
		{A9CE892C-5A97-4976-A8D0-8D827E00A266}.Release|Any CPU.Build.0 = Release|Any CPU
		{A9CE892C-5A97-4976-A8D0-8D827E00A266}.Release|x64.ActiveCfg = Release|Any CPU
		{A9CE892C-5A97-4976-A8D0-8D827E00A266}.Release|x64.Build.0 = Release|Any CPU
		{A9CE892C-5A97-4976-A8D0-8D827E00A266}.Release|x86.ActiveCfg = Release|Any CPU
		{A9CE892C-5A97-4976-A8D0-8D827E00A266}.Release|x86.Build.0 = Release|Any CPU
		{29FAFCC2-F18D-4153-AA53-EEDCC5284375}.Debug|Any CPU.ActiveCfg = Debug|Any CPU
		{29FAFCC2-F18D-4153-AA53-EEDCC5284375}.Debug|Any CPU.Build.0 = Debug|Any CPU
		{29FAFCC2-F18D-4153-AA53-EEDCC5284375}.Debug|x64.ActiveCfg = Debug|Any CPU
		{29FAFCC2-F18D-4153-AA53-EEDCC5284375}.Debug|x64.Build.0 = Debug|Any CPU
		{29FAFCC2-F18D-4153-AA53-EEDCC5284375}.Debug|x86.ActiveCfg = Debug|Any CPU
		{29FAFCC2-F18D-4153-AA53-EEDCC5284375}.Debug|x86.Build.0 = Debug|Any CPU
		{29FAFCC2-F18D-4153-AA53-EEDCC5284375}.Release|Any CPU.ActiveCfg = Release|Any CPU
		{29FAFCC2-F18D-4153-AA53-EEDCC5284375}.Release|Any CPU.Build.0 = Release|Any CPU
		{29FAFCC2-F18D-4153-AA53-EEDCC5284375}.Release|x64.ActiveCfg = Release|Any CPU
		{29FAFCC2-F18D-4153-AA53-EEDCC5284375}.Release|x64.Build.0 = Release|Any CPU
		{29FAFCC2-F18D-4153-AA53-EEDCC5284375}.Release|x86.ActiveCfg = Release|Any CPU
		{29FAFCC2-F18D-4153-AA53-EEDCC5284375}.Release|x86.Build.0 = Release|Any CPU
		{DAD789AD-7345-4F6D-A5E7-35B496CB106D}.Debug|Any CPU.ActiveCfg = Debug|Any CPU
		{DAD789AD-7345-4F6D-A5E7-35B496CB106D}.Debug|Any CPU.Build.0 = Debug|Any CPU
		{DAD789AD-7345-4F6D-A5E7-35B496CB106D}.Debug|x64.ActiveCfg = Debug|Any CPU
		{DAD789AD-7345-4F6D-A5E7-35B496CB106D}.Debug|x64.Build.0 = Debug|Any CPU
		{DAD789AD-7345-4F6D-A5E7-35B496CB106D}.Debug|x86.ActiveCfg = Debug|Any CPU
		{DAD789AD-7345-4F6D-A5E7-35B496CB106D}.Debug|x86.Build.0 = Debug|Any CPU
		{DAD789AD-7345-4F6D-A5E7-35B496CB106D}.Release|Any CPU.ActiveCfg = Release|Any CPU
		{DAD789AD-7345-4F6D-A5E7-35B496CB106D}.Release|Any CPU.Build.0 = Release|Any CPU
		{DAD789AD-7345-4F6D-A5E7-35B496CB106D}.Release|x64.ActiveCfg = Release|Any CPU
		{DAD789AD-7345-4F6D-A5E7-35B496CB106D}.Release|x64.Build.0 = Release|Any CPU
		{DAD789AD-7345-4F6D-A5E7-35B496CB106D}.Release|x86.ActiveCfg = Release|Any CPU
		{DAD789AD-7345-4F6D-A5E7-35B496CB106D}.Release|x86.Build.0 = Release|Any CPU
		{11A9090D-29FD-479F-A91C-67E96A47B9CA}.Debug|Any CPU.ActiveCfg = Debug|Any CPU
		{11A9090D-29FD-479F-A91C-67E96A47B9CA}.Debug|Any CPU.Build.0 = Debug|Any CPU
		{11A9090D-29FD-479F-A91C-67E96A47B9CA}.Debug|x64.ActiveCfg = Debug|Any CPU
		{11A9090D-29FD-479F-A91C-67E96A47B9CA}.Debug|x64.Build.0 = Debug|Any CPU
		{11A9090D-29FD-479F-A91C-67E96A47B9CA}.Debug|x86.ActiveCfg = Debug|Any CPU
		{11A9090D-29FD-479F-A91C-67E96A47B9CA}.Debug|x86.Build.0 = Debug|Any CPU
		{11A9090D-29FD-479F-A91C-67E96A47B9CA}.Release|Any CPU.ActiveCfg = Release|Any CPU
		{11A9090D-29FD-479F-A91C-67E96A47B9CA}.Release|Any CPU.Build.0 = Release|Any CPU
		{11A9090D-29FD-479F-A91C-67E96A47B9CA}.Release|x64.ActiveCfg = Release|Any CPU
		{11A9090D-29FD-479F-A91C-67E96A47B9CA}.Release|x64.Build.0 = Release|Any CPU
		{11A9090D-29FD-479F-A91C-67E96A47B9CA}.Release|x86.ActiveCfg = Release|Any CPU
		{11A9090D-29FD-479F-A91C-67E96A47B9CA}.Release|x86.Build.0 = Release|Any CPU
		{717482D0-52FF-4E48-AA5C-E57C2339FAC4}.Debug|Any CPU.ActiveCfg = Debug|Any CPU
		{717482D0-52FF-4E48-AA5C-E57C2339FAC4}.Debug|Any CPU.Build.0 = Debug|Any CPU
		{717482D0-52FF-4E48-AA5C-E57C2339FAC4}.Debug|x64.ActiveCfg = Debug|Any CPU
		{717482D0-52FF-4E48-AA5C-E57C2339FAC4}.Debug|x64.Build.0 = Debug|Any CPU
		{717482D0-52FF-4E48-AA5C-E57C2339FAC4}.Debug|x86.ActiveCfg = Debug|Any CPU
		{717482D0-52FF-4E48-AA5C-E57C2339FAC4}.Debug|x86.Build.0 = Debug|Any CPU
		{717482D0-52FF-4E48-AA5C-E57C2339FAC4}.Release|Any CPU.ActiveCfg = Release|Any CPU
		{717482D0-52FF-4E48-AA5C-E57C2339FAC4}.Release|Any CPU.Build.0 = Release|Any CPU
		{717482D0-52FF-4E48-AA5C-E57C2339FAC4}.Release|x64.ActiveCfg = Release|Any CPU
		{717482D0-52FF-4E48-AA5C-E57C2339FAC4}.Release|x64.Build.0 = Release|Any CPU
		{717482D0-52FF-4E48-AA5C-E57C2339FAC4}.Release|x86.ActiveCfg = Release|Any CPU
		{717482D0-52FF-4E48-AA5C-E57C2339FAC4}.Release|x86.Build.0 = Release|Any CPU
		{8B78FF7F-817F-484C-BB98-AAEA5A7EEE1E}.Debug|Any CPU.ActiveCfg = Debug|Any CPU
		{8B78FF7F-817F-484C-BB98-AAEA5A7EEE1E}.Debug|Any CPU.Build.0 = Debug|Any CPU
		{8B78FF7F-817F-484C-BB98-AAEA5A7EEE1E}.Debug|x64.ActiveCfg = Debug|Any CPU
		{8B78FF7F-817F-484C-BB98-AAEA5A7EEE1E}.Debug|x64.Build.0 = Debug|Any CPU
		{8B78FF7F-817F-484C-BB98-AAEA5A7EEE1E}.Debug|x86.ActiveCfg = Debug|Any CPU
		{8B78FF7F-817F-484C-BB98-AAEA5A7EEE1E}.Debug|x86.Build.0 = Debug|Any CPU
		{8B78FF7F-817F-484C-BB98-AAEA5A7EEE1E}.Release|Any CPU.ActiveCfg = Release|Any CPU
		{8B78FF7F-817F-484C-BB98-AAEA5A7EEE1E}.Release|Any CPU.Build.0 = Release|Any CPU
		{8B78FF7F-817F-484C-BB98-AAEA5A7EEE1E}.Release|x64.ActiveCfg = Release|Any CPU
		{8B78FF7F-817F-484C-BB98-AAEA5A7EEE1E}.Release|x64.Build.0 = Release|Any CPU
		{8B78FF7F-817F-484C-BB98-AAEA5A7EEE1E}.Release|x86.ActiveCfg = Release|Any CPU
		{8B78FF7F-817F-484C-BB98-AAEA5A7EEE1E}.Release|x86.Build.0 = Release|Any CPU
		{D7D0D207-53F0-47C2-B14C-17A5E68D46A6}.Debug|Any CPU.ActiveCfg = Debug|Any CPU
		{D7D0D207-53F0-47C2-B14C-17A5E68D46A6}.Debug|Any CPU.Build.0 = Debug|Any CPU
		{D7D0D207-53F0-47C2-B14C-17A5E68D46A6}.Debug|x64.ActiveCfg = Debug|Any CPU
		{D7D0D207-53F0-47C2-B14C-17A5E68D46A6}.Debug|x64.Build.0 = Debug|Any CPU
		{D7D0D207-53F0-47C2-B14C-17A5E68D46A6}.Debug|x86.ActiveCfg = Debug|Any CPU
		{D7D0D207-53F0-47C2-B14C-17A5E68D46A6}.Debug|x86.Build.0 = Debug|Any CPU
		{D7D0D207-53F0-47C2-B14C-17A5E68D46A6}.Release|Any CPU.ActiveCfg = Release|Any CPU
		{D7D0D207-53F0-47C2-B14C-17A5E68D46A6}.Release|Any CPU.Build.0 = Release|Any CPU
		{D7D0D207-53F0-47C2-B14C-17A5E68D46A6}.Release|x64.ActiveCfg = Release|Any CPU
		{D7D0D207-53F0-47C2-B14C-17A5E68D46A6}.Release|x64.Build.0 = Release|Any CPU
		{D7D0D207-53F0-47C2-B14C-17A5E68D46A6}.Release|x86.ActiveCfg = Release|Any CPU
		{D7D0D207-53F0-47C2-B14C-17A5E68D46A6}.Release|x86.Build.0 = Release|Any CPU
		{9D2724EB-B813-4145-93AC-AF9A8A88AAAE}.Debug|Any CPU.ActiveCfg = Debug|Any CPU
		{9D2724EB-B813-4145-93AC-AF9A8A88AAAE}.Debug|Any CPU.Build.0 = Debug|Any CPU
		{9D2724EB-B813-4145-93AC-AF9A8A88AAAE}.Debug|x64.ActiveCfg = Debug|Any CPU
		{9D2724EB-B813-4145-93AC-AF9A8A88AAAE}.Debug|x64.Build.0 = Debug|Any CPU
		{9D2724EB-B813-4145-93AC-AF9A8A88AAAE}.Debug|x86.ActiveCfg = Debug|Any CPU
		{9D2724EB-B813-4145-93AC-AF9A8A88AAAE}.Debug|x86.Build.0 = Debug|Any CPU
		{9D2724EB-B813-4145-93AC-AF9A8A88AAAE}.Release|Any CPU.ActiveCfg = Release|Any CPU
		{9D2724EB-B813-4145-93AC-AF9A8A88AAAE}.Release|Any CPU.Build.0 = Release|Any CPU
		{9D2724EB-B813-4145-93AC-AF9A8A88AAAE}.Release|x64.ActiveCfg = Release|Any CPU
		{9D2724EB-B813-4145-93AC-AF9A8A88AAAE}.Release|x64.Build.0 = Release|Any CPU
		{9D2724EB-B813-4145-93AC-AF9A8A88AAAE}.Release|x86.ActiveCfg = Release|Any CPU
		{9D2724EB-B813-4145-93AC-AF9A8A88AAAE}.Release|x86.Build.0 = Release|Any CPU
		{58AEBE56-D7BE-4AC4-AE36-F9389CEAB210}.Debug|Any CPU.ActiveCfg = Debug|Any CPU
		{58AEBE56-D7BE-4AC4-AE36-F9389CEAB210}.Debug|Any CPU.Build.0 = Debug|Any CPU
		{58AEBE56-D7BE-4AC4-AE36-F9389CEAB210}.Debug|x64.ActiveCfg = Debug|Any CPU
		{58AEBE56-D7BE-4AC4-AE36-F9389CEAB210}.Debug|x64.Build.0 = Debug|Any CPU
		{58AEBE56-D7BE-4AC4-AE36-F9389CEAB210}.Debug|x86.ActiveCfg = Debug|Any CPU
		{58AEBE56-D7BE-4AC4-AE36-F9389CEAB210}.Debug|x86.Build.0 = Debug|Any CPU
		{58AEBE56-D7BE-4AC4-AE36-F9389CEAB210}.Release|Any CPU.ActiveCfg = Release|Any CPU
		{58AEBE56-D7BE-4AC4-AE36-F9389CEAB210}.Release|Any CPU.Build.0 = Release|Any CPU
		{58AEBE56-D7BE-4AC4-AE36-F9389CEAB210}.Release|x64.ActiveCfg = Release|Any CPU
		{58AEBE56-D7BE-4AC4-AE36-F9389CEAB210}.Release|x64.Build.0 = Release|Any CPU
		{58AEBE56-D7BE-4AC4-AE36-F9389CEAB210}.Release|x86.ActiveCfg = Release|Any CPU
		{58AEBE56-D7BE-4AC4-AE36-F9389CEAB210}.Release|x86.Build.0 = Release|Any CPU
		{1D383A4D-4455-4B25-B470-29998797D057}.Debug|Any CPU.ActiveCfg = Debug|Any CPU
		{1D383A4D-4455-4B25-B470-29998797D057}.Debug|Any CPU.Build.0 = Debug|Any CPU
		{1D383A4D-4455-4B25-B470-29998797D057}.Debug|x64.ActiveCfg = Debug|Any CPU
		{1D383A4D-4455-4B25-B470-29998797D057}.Debug|x64.Build.0 = Debug|Any CPU
		{1D383A4D-4455-4B25-B470-29998797D057}.Debug|x86.ActiveCfg = Debug|Any CPU
		{1D383A4D-4455-4B25-B470-29998797D057}.Debug|x86.Build.0 = Debug|Any CPU
		{1D383A4D-4455-4B25-B470-29998797D057}.Release|Any CPU.ActiveCfg = Release|Any CPU
		{1D383A4D-4455-4B25-B470-29998797D057}.Release|Any CPU.Build.0 = Release|Any CPU
		{1D383A4D-4455-4B25-B470-29998797D057}.Release|x64.ActiveCfg = Release|Any CPU
		{1D383A4D-4455-4B25-B470-29998797D057}.Release|x64.Build.0 = Release|Any CPU
		{1D383A4D-4455-4B25-B470-29998797D057}.Release|x86.ActiveCfg = Release|Any CPU
		{1D383A4D-4455-4B25-B470-29998797D057}.Release|x86.Build.0 = Release|Any CPU
		{40BD6E32-E592-460A-A54C-307F67FF00EA}.Debug|Any CPU.ActiveCfg = Debug|Any CPU
		{40BD6E32-E592-460A-A54C-307F67FF00EA}.Debug|Any CPU.Build.0 = Debug|Any CPU
		{40BD6E32-E592-460A-A54C-307F67FF00EA}.Debug|x64.ActiveCfg = Debug|Any CPU
		{40BD6E32-E592-460A-A54C-307F67FF00EA}.Debug|x64.Build.0 = Debug|Any CPU
		{40BD6E32-E592-460A-A54C-307F67FF00EA}.Debug|x86.ActiveCfg = Debug|Any CPU
		{40BD6E32-E592-460A-A54C-307F67FF00EA}.Debug|x86.Build.0 = Debug|Any CPU
		{40BD6E32-E592-460A-A54C-307F67FF00EA}.Release|Any CPU.ActiveCfg = Release|Any CPU
		{40BD6E32-E592-460A-A54C-307F67FF00EA}.Release|Any CPU.Build.0 = Release|Any CPU
		{40BD6E32-E592-460A-A54C-307F67FF00EA}.Release|x64.ActiveCfg = Release|Any CPU
		{40BD6E32-E592-460A-A54C-307F67FF00EA}.Release|x64.Build.0 = Release|Any CPU
		{40BD6E32-E592-460A-A54C-307F67FF00EA}.Release|x86.ActiveCfg = Release|Any CPU
		{40BD6E32-E592-460A-A54C-307F67FF00EA}.Release|x86.Build.0 = Release|Any CPU
		{F499E1ED-C956-4F92-95C4-E6A61E971DD5}.Debug|Any CPU.ActiveCfg = Debug|Any CPU
		{F499E1ED-C956-4F92-95C4-E6A61E971DD5}.Debug|Any CPU.Build.0 = Debug|Any CPU
		{F499E1ED-C956-4F92-95C4-E6A61E971DD5}.Debug|x64.ActiveCfg = Debug|Any CPU
		{F499E1ED-C956-4F92-95C4-E6A61E971DD5}.Debug|x64.Build.0 = Debug|Any CPU
		{F499E1ED-C956-4F92-95C4-E6A61E971DD5}.Debug|x86.ActiveCfg = Debug|Any CPU
		{F499E1ED-C956-4F92-95C4-E6A61E971DD5}.Debug|x86.Build.0 = Debug|Any CPU
		{F499E1ED-C956-4F92-95C4-E6A61E971DD5}.Release|Any CPU.ActiveCfg = Release|Any CPU
		{F499E1ED-C956-4F92-95C4-E6A61E971DD5}.Release|Any CPU.Build.0 = Release|Any CPU
		{F499E1ED-C956-4F92-95C4-E6A61E971DD5}.Release|x64.ActiveCfg = Release|Any CPU
		{F499E1ED-C956-4F92-95C4-E6A61E971DD5}.Release|x64.Build.0 = Release|Any CPU
		{F499E1ED-C956-4F92-95C4-E6A61E971DD5}.Release|x86.ActiveCfg = Release|Any CPU
		{F499E1ED-C956-4F92-95C4-E6A61E971DD5}.Release|x86.Build.0 = Release|Any CPU
		{56D9FB63-A788-4160-B3EE-2BA2067638E1}.Debug|Any CPU.ActiveCfg = Debug|Any CPU
		{56D9FB63-A788-4160-B3EE-2BA2067638E1}.Debug|Any CPU.Build.0 = Debug|Any CPU
		{56D9FB63-A788-4160-B3EE-2BA2067638E1}.Debug|x64.ActiveCfg = Debug|Any CPU
		{56D9FB63-A788-4160-B3EE-2BA2067638E1}.Debug|x64.Build.0 = Debug|Any CPU
		{56D9FB63-A788-4160-B3EE-2BA2067638E1}.Debug|x86.ActiveCfg = Debug|Any CPU
		{56D9FB63-A788-4160-B3EE-2BA2067638E1}.Debug|x86.Build.0 = Debug|Any CPU
		{56D9FB63-A788-4160-B3EE-2BA2067638E1}.Release|Any CPU.ActiveCfg = Release|Any CPU
		{56D9FB63-A788-4160-B3EE-2BA2067638E1}.Release|Any CPU.Build.0 = Release|Any CPU
		{56D9FB63-A788-4160-B3EE-2BA2067638E1}.Release|x64.ActiveCfg = Release|Any CPU
		{56D9FB63-A788-4160-B3EE-2BA2067638E1}.Release|x64.Build.0 = Release|Any CPU
		{56D9FB63-A788-4160-B3EE-2BA2067638E1}.Release|x86.ActiveCfg = Release|Any CPU
		{56D9FB63-A788-4160-B3EE-2BA2067638E1}.Release|x86.Build.0 = Release|Any CPU
		{8C528510-1D72-45BC-8AE5-749CD81E2D1D}.Debug|Any CPU.ActiveCfg = Debug|Any CPU
		{8C528510-1D72-45BC-8AE5-749CD81E2D1D}.Debug|Any CPU.Build.0 = Debug|Any CPU
		{8C528510-1D72-45BC-8AE5-749CD81E2D1D}.Debug|x64.ActiveCfg = Debug|Any CPU
		{8C528510-1D72-45BC-8AE5-749CD81E2D1D}.Debug|x64.Build.0 = Debug|Any CPU
		{8C528510-1D72-45BC-8AE5-749CD81E2D1D}.Debug|x86.ActiveCfg = Debug|Any CPU
		{8C528510-1D72-45BC-8AE5-749CD81E2D1D}.Debug|x86.Build.0 = Debug|Any CPU
		{8C528510-1D72-45BC-8AE5-749CD81E2D1D}.Release|Any CPU.ActiveCfg = Release|Any CPU
		{8C528510-1D72-45BC-8AE5-749CD81E2D1D}.Release|Any CPU.Build.0 = Release|Any CPU
		{8C528510-1D72-45BC-8AE5-749CD81E2D1D}.Release|x64.ActiveCfg = Release|Any CPU
		{8C528510-1D72-45BC-8AE5-749CD81E2D1D}.Release|x64.Build.0 = Release|Any CPU
		{8C528510-1D72-45BC-8AE5-749CD81E2D1D}.Release|x86.ActiveCfg = Release|Any CPU
		{8C528510-1D72-45BC-8AE5-749CD81E2D1D}.Release|x86.Build.0 = Release|Any CPU
		{D23625E6-B3DD-40DF-8B1F-5A1ECD8C5759}.Debug|Any CPU.ActiveCfg = Debug|Any CPU
		{D23625E6-B3DD-40DF-8B1F-5A1ECD8C5759}.Debug|Any CPU.Build.0 = Debug|Any CPU
		{D23625E6-B3DD-40DF-8B1F-5A1ECD8C5759}.Debug|x64.ActiveCfg = Debug|Any CPU
		{D23625E6-B3DD-40DF-8B1F-5A1ECD8C5759}.Debug|x64.Build.0 = Debug|Any CPU
		{D23625E6-B3DD-40DF-8B1F-5A1ECD8C5759}.Debug|x86.ActiveCfg = Debug|Any CPU
		{D23625E6-B3DD-40DF-8B1F-5A1ECD8C5759}.Debug|x86.Build.0 = Debug|Any CPU
		{D23625E6-B3DD-40DF-8B1F-5A1ECD8C5759}.Release|Any CPU.ActiveCfg = Release|Any CPU
		{D23625E6-B3DD-40DF-8B1F-5A1ECD8C5759}.Release|Any CPU.Build.0 = Release|Any CPU
		{D23625E6-B3DD-40DF-8B1F-5A1ECD8C5759}.Release|x64.ActiveCfg = Release|Any CPU
		{D23625E6-B3DD-40DF-8B1F-5A1ECD8C5759}.Release|x64.Build.0 = Release|Any CPU
		{D23625E6-B3DD-40DF-8B1F-5A1ECD8C5759}.Release|x86.ActiveCfg = Release|Any CPU
		{D23625E6-B3DD-40DF-8B1F-5A1ECD8C5759}.Release|x86.Build.0 = Release|Any CPU
		{6980D9CC-A059-4847-A900-BC9E79B00421}.Debug|Any CPU.ActiveCfg = Debug|Any CPU
		{6980D9CC-A059-4847-A900-BC9E79B00421}.Debug|Any CPU.Build.0 = Debug|Any CPU
		{6980D9CC-A059-4847-A900-BC9E79B00421}.Debug|x64.ActiveCfg = Debug|Any CPU
		{6980D9CC-A059-4847-A900-BC9E79B00421}.Debug|x64.Build.0 = Debug|Any CPU
		{6980D9CC-A059-4847-A900-BC9E79B00421}.Debug|x86.ActiveCfg = Debug|Any CPU
		{6980D9CC-A059-4847-A900-BC9E79B00421}.Debug|x86.Build.0 = Debug|Any CPU
		{6980D9CC-A059-4847-A900-BC9E79B00421}.Release|Any CPU.ActiveCfg = Release|Any CPU
		{6980D9CC-A059-4847-A900-BC9E79B00421}.Release|Any CPU.Build.0 = Release|Any CPU
		{6980D9CC-A059-4847-A900-BC9E79B00421}.Release|x64.ActiveCfg = Release|Any CPU
		{6980D9CC-A059-4847-A900-BC9E79B00421}.Release|x64.Build.0 = Release|Any CPU
		{6980D9CC-A059-4847-A900-BC9E79B00421}.Release|x86.ActiveCfg = Release|Any CPU
		{6980D9CC-A059-4847-A900-BC9E79B00421}.Release|x86.Build.0 = Release|Any CPU
		{0F86DDED-104C-4F6F-B34E-A2820A1F35D9}.Debug|Any CPU.ActiveCfg = Debug|Any CPU
		{0F86DDED-104C-4F6F-B34E-A2820A1F35D9}.Debug|Any CPU.Build.0 = Debug|Any CPU
		{0F86DDED-104C-4F6F-B34E-A2820A1F35D9}.Debug|x64.ActiveCfg = Debug|Any CPU
		{0F86DDED-104C-4F6F-B34E-A2820A1F35D9}.Debug|x64.Build.0 = Debug|Any CPU
		{0F86DDED-104C-4F6F-B34E-A2820A1F35D9}.Debug|x86.ActiveCfg = Debug|Any CPU
		{0F86DDED-104C-4F6F-B34E-A2820A1F35D9}.Debug|x86.Build.0 = Debug|Any CPU
		{0F86DDED-104C-4F6F-B34E-A2820A1F35D9}.Release|Any CPU.ActiveCfg = Release|Any CPU
		{0F86DDED-104C-4F6F-B34E-A2820A1F35D9}.Release|Any CPU.Build.0 = Release|Any CPU
		{0F86DDED-104C-4F6F-B34E-A2820A1F35D9}.Release|x64.ActiveCfg = Release|Any CPU
		{0F86DDED-104C-4F6F-B34E-A2820A1F35D9}.Release|x64.Build.0 = Release|Any CPU
		{0F86DDED-104C-4F6F-B34E-A2820A1F35D9}.Release|x86.ActiveCfg = Release|Any CPU
		{0F86DDED-104C-4F6F-B34E-A2820A1F35D9}.Release|x86.Build.0 = Release|Any CPU
		{DEA33528-7A4E-4B8B-991B-27C4E9EDBBAC}.Debug|Any CPU.ActiveCfg = Debug|Any CPU
		{DEA33528-7A4E-4B8B-991B-27C4E9EDBBAC}.Debug|Any CPU.Build.0 = Debug|Any CPU
		{DEA33528-7A4E-4B8B-991B-27C4E9EDBBAC}.Debug|x64.ActiveCfg = Debug|Any CPU
		{DEA33528-7A4E-4B8B-991B-27C4E9EDBBAC}.Debug|x64.Build.0 = Debug|Any CPU
		{DEA33528-7A4E-4B8B-991B-27C4E9EDBBAC}.Debug|x86.ActiveCfg = Debug|Any CPU
		{DEA33528-7A4E-4B8B-991B-27C4E9EDBBAC}.Debug|x86.Build.0 = Debug|Any CPU
		{DEA33528-7A4E-4B8B-991B-27C4E9EDBBAC}.Release|Any CPU.ActiveCfg = Release|Any CPU
		{DEA33528-7A4E-4B8B-991B-27C4E9EDBBAC}.Release|Any CPU.Build.0 = Release|Any CPU
		{DEA33528-7A4E-4B8B-991B-27C4E9EDBBAC}.Release|x64.ActiveCfg = Release|Any CPU
		{DEA33528-7A4E-4B8B-991B-27C4E9EDBBAC}.Release|x64.Build.0 = Release|Any CPU
		{DEA33528-7A4E-4B8B-991B-27C4E9EDBBAC}.Release|x86.ActiveCfg = Release|Any CPU
		{DEA33528-7A4E-4B8B-991B-27C4E9EDBBAC}.Release|x86.Build.0 = Release|Any CPU
		{EED7C783-627C-41F5-BB52-43D8C05FC209}.Debug|Any CPU.ActiveCfg = Debug|Any CPU
		{EED7C783-627C-41F5-BB52-43D8C05FC209}.Debug|Any CPU.Build.0 = Debug|Any CPU
		{EED7C783-627C-41F5-BB52-43D8C05FC209}.Debug|x64.ActiveCfg = Debug|Any CPU
		{EED7C783-627C-41F5-BB52-43D8C05FC209}.Debug|x64.Build.0 = Debug|Any CPU
		{EED7C783-627C-41F5-BB52-43D8C05FC209}.Debug|x86.ActiveCfg = Debug|Any CPU
		{EED7C783-627C-41F5-BB52-43D8C05FC209}.Debug|x86.Build.0 = Debug|Any CPU
		{EED7C783-627C-41F5-BB52-43D8C05FC209}.Release|Any CPU.ActiveCfg = Release|Any CPU
		{EED7C783-627C-41F5-BB52-43D8C05FC209}.Release|Any CPU.Build.0 = Release|Any CPU
		{EED7C783-627C-41F5-BB52-43D8C05FC209}.Release|x64.ActiveCfg = Release|Any CPU
		{EED7C783-627C-41F5-BB52-43D8C05FC209}.Release|x64.Build.0 = Release|Any CPU
		{EED7C783-627C-41F5-BB52-43D8C05FC209}.Release|x86.ActiveCfg = Release|Any CPU
		{EED7C783-627C-41F5-BB52-43D8C05FC209}.Release|x86.Build.0 = Release|Any CPU
		{D317C891-07BF-4899-8E70-32AE69E60875}.Debug|Any CPU.ActiveCfg = Debug|Any CPU
		{D317C891-07BF-4899-8E70-32AE69E60875}.Debug|Any CPU.Build.0 = Debug|Any CPU
		{D317C891-07BF-4899-8E70-32AE69E60875}.Debug|x64.ActiveCfg = Debug|Any CPU
		{D317C891-07BF-4899-8E70-32AE69E60875}.Debug|x64.Build.0 = Debug|Any CPU
		{D317C891-07BF-4899-8E70-32AE69E60875}.Debug|x86.ActiveCfg = Debug|Any CPU
		{D317C891-07BF-4899-8E70-32AE69E60875}.Debug|x86.Build.0 = Debug|Any CPU
		{D317C891-07BF-4899-8E70-32AE69E60875}.Release|Any CPU.ActiveCfg = Release|Any CPU
		{D317C891-07BF-4899-8E70-32AE69E60875}.Release|Any CPU.Build.0 = Release|Any CPU
		{D317C891-07BF-4899-8E70-32AE69E60875}.Release|x64.ActiveCfg = Release|Any CPU
		{D317C891-07BF-4899-8E70-32AE69E60875}.Release|x64.Build.0 = Release|Any CPU
		{D317C891-07BF-4899-8E70-32AE69E60875}.Release|x86.ActiveCfg = Release|Any CPU
		{D317C891-07BF-4899-8E70-32AE69E60875}.Release|x86.Build.0 = Release|Any CPU
		{0F15B0BB-6DB5-4A39-B9E8-0933BAD27B84}.Debug|Any CPU.ActiveCfg = Debug|Any CPU
		{0F15B0BB-6DB5-4A39-B9E8-0933BAD27B84}.Debug|Any CPU.Build.0 = Debug|Any CPU
		{0F15B0BB-6DB5-4A39-B9E8-0933BAD27B84}.Debug|x64.ActiveCfg = Debug|Any CPU
		{0F15B0BB-6DB5-4A39-B9E8-0933BAD27B84}.Debug|x64.Build.0 = Debug|Any CPU
		{0F15B0BB-6DB5-4A39-B9E8-0933BAD27B84}.Debug|x86.ActiveCfg = Debug|Any CPU
		{0F15B0BB-6DB5-4A39-B9E8-0933BAD27B84}.Debug|x86.Build.0 = Debug|Any CPU
		{0F15B0BB-6DB5-4A39-B9E8-0933BAD27B84}.Release|Any CPU.ActiveCfg = Release|Any CPU
		{0F15B0BB-6DB5-4A39-B9E8-0933BAD27B84}.Release|Any CPU.Build.0 = Release|Any CPU
		{0F15B0BB-6DB5-4A39-B9E8-0933BAD27B84}.Release|x64.ActiveCfg = Release|Any CPU
		{0F15B0BB-6DB5-4A39-B9E8-0933BAD27B84}.Release|x64.Build.0 = Release|Any CPU
		{0F15B0BB-6DB5-4A39-B9E8-0933BAD27B84}.Release|x86.ActiveCfg = Release|Any CPU
		{0F15B0BB-6DB5-4A39-B9E8-0933BAD27B84}.Release|x86.Build.0 = Release|Any CPU
		{37D2E88E-8E5C-4E6F-918A-F14FFD9F4188}.Debug|Any CPU.ActiveCfg = Debug|Any CPU
		{37D2E88E-8E5C-4E6F-918A-F14FFD9F4188}.Debug|Any CPU.Build.0 = Debug|Any CPU
		{37D2E88E-8E5C-4E6F-918A-F14FFD9F4188}.Debug|x64.ActiveCfg = Debug|Any CPU
		{37D2E88E-8E5C-4E6F-918A-F14FFD9F4188}.Debug|x64.Build.0 = Debug|Any CPU
		{37D2E88E-8E5C-4E6F-918A-F14FFD9F4188}.Debug|x86.ActiveCfg = Debug|Any CPU
		{37D2E88E-8E5C-4E6F-918A-F14FFD9F4188}.Debug|x86.Build.0 = Debug|Any CPU
		{37D2E88E-8E5C-4E6F-918A-F14FFD9F4188}.Release|Any CPU.ActiveCfg = Release|Any CPU
		{37D2E88E-8E5C-4E6F-918A-F14FFD9F4188}.Release|Any CPU.Build.0 = Release|Any CPU
		{37D2E88E-8E5C-4E6F-918A-F14FFD9F4188}.Release|x64.ActiveCfg = Release|Any CPU
		{37D2E88E-8E5C-4E6F-918A-F14FFD9F4188}.Release|x64.Build.0 = Release|Any CPU
		{37D2E88E-8E5C-4E6F-918A-F14FFD9F4188}.Release|x86.ActiveCfg = Release|Any CPU
		{37D2E88E-8E5C-4E6F-918A-F14FFD9F4188}.Release|x86.Build.0 = Release|Any CPU
		{2F918A65-DD18-4684-A30D-892161B26922}.Debug|Any CPU.ActiveCfg = Debug|Any CPU
		{2F918A65-DD18-4684-A30D-892161B26922}.Debug|Any CPU.Build.0 = Debug|Any CPU
		{2F918A65-DD18-4684-A30D-892161B26922}.Debug|x64.ActiveCfg = Debug|Any CPU
		{2F918A65-DD18-4684-A30D-892161B26922}.Debug|x64.Build.0 = Debug|Any CPU
		{2F918A65-DD18-4684-A30D-892161B26922}.Debug|x86.ActiveCfg = Debug|Any CPU
		{2F918A65-DD18-4684-A30D-892161B26922}.Debug|x86.Build.0 = Debug|Any CPU
		{2F918A65-DD18-4684-A30D-892161B26922}.Release|Any CPU.ActiveCfg = Release|Any CPU
		{2F918A65-DD18-4684-A30D-892161B26922}.Release|Any CPU.Build.0 = Release|Any CPU
		{2F918A65-DD18-4684-A30D-892161B26922}.Release|x64.ActiveCfg = Release|Any CPU
		{2F918A65-DD18-4684-A30D-892161B26922}.Release|x64.Build.0 = Release|Any CPU
		{2F918A65-DD18-4684-A30D-892161B26922}.Release|x86.ActiveCfg = Release|Any CPU
		{2F918A65-DD18-4684-A30D-892161B26922}.Release|x86.Build.0 = Release|Any CPU
		{ED7E574C-B127-45A1-81D3-F83B496C0951}.Debug|Any CPU.ActiveCfg = Debug|Any CPU
		{ED7E574C-B127-45A1-81D3-F83B496C0951}.Debug|Any CPU.Build.0 = Debug|Any CPU
		{ED7E574C-B127-45A1-81D3-F83B496C0951}.Debug|x64.ActiveCfg = Debug|Any CPU
		{ED7E574C-B127-45A1-81D3-F83B496C0951}.Debug|x64.Build.0 = Debug|Any CPU
		{ED7E574C-B127-45A1-81D3-F83B496C0951}.Debug|x86.ActiveCfg = Debug|Any CPU
		{ED7E574C-B127-45A1-81D3-F83B496C0951}.Debug|x86.Build.0 = Debug|Any CPU
		{ED7E574C-B127-45A1-81D3-F83B496C0951}.Release|Any CPU.ActiveCfg = Release|Any CPU
		{ED7E574C-B127-45A1-81D3-F83B496C0951}.Release|Any CPU.Build.0 = Release|Any CPU
		{ED7E574C-B127-45A1-81D3-F83B496C0951}.Release|x64.ActiveCfg = Release|Any CPU
		{ED7E574C-B127-45A1-81D3-F83B496C0951}.Release|x64.Build.0 = Release|Any CPU
		{ED7E574C-B127-45A1-81D3-F83B496C0951}.Release|x86.ActiveCfg = Release|Any CPU
		{ED7E574C-B127-45A1-81D3-F83B496C0951}.Release|x86.Build.0 = Release|Any CPU
	EndGlobalSection
	GlobalSection(SolutionProperties) = preSolution
		HideSolutionNode = FALSE
	EndGlobalSection
	GlobalSection(NestedProjects) = preSolution
		{649130AA-5B5A-4D26-81BF-1F51385C9740} = {02EA681E-C7D8-13C7-8484-4AC65E1B71E8}
		{D2F2FDFC-D53D-4256-AC34-7CEFC9BA0963} = {02EA681E-C7D8-13C7-8484-4AC65E1B71E8}
		{8284146F-3056-492F-B50F-63BF275D0B40} = {02EA681E-C7D8-13C7-8484-4AC65E1B71E8}
		{E3F436DF-3AE2-4DB5-89DD-23078D635FE0} = {02EA681E-C7D8-13C7-8484-4AC65E1B71E8}
		{11A9090D-29FD-479F-A91C-67E96A47B9CA} = {B342ED34-71C9-4C74-84C5-390191DE485F}
		{717482D0-52FF-4E48-AA5C-E57C2339FAC4} = {B342ED34-71C9-4C74-84C5-390191DE485F}
		{8B78FF7F-817F-484C-BB98-AAEA5A7EEE1E} = {B342ED34-71C9-4C74-84C5-390191DE485F}
		{D7D0D207-53F0-47C2-B14C-17A5E68D46A6} = {0F693463-32EA-4E7F-B779-F44BC57319DF}
		{7A1ADB5C-7FBE-4264-B80E-5628B7353CFD} = {0F693463-32EA-4E7F-B779-F44BC57319DF}
		{9D2724EB-B813-4145-93AC-AF9A8A88AAAE} = {7A1ADB5C-7FBE-4264-B80E-5628B7353CFD}
		{58AEBE56-D7BE-4AC4-AE36-F9389CEAB210} = {7A1ADB5C-7FBE-4264-B80E-5628B7353CFD}
		{1D383A4D-4455-4B25-B470-29998797D057} = {7A1ADB5C-7FBE-4264-B80E-5628B7353CFD}
		{40BD6E32-E592-460A-A54C-307F67FF00EA} = {5922F559-7E18-4746-A6FD-581D9BDD7782}
		{F499E1ED-C956-4F92-95C4-E6A61E971DD5} = {5922F559-7E18-4746-A6FD-581D9BDD7782}
		{56D9FB63-A788-4160-B3EE-2BA2067638E1} = {5922F559-7E18-4746-A6FD-581D9BDD7782}
		{8C528510-1D72-45BC-8AE5-749CD81E2D1D} = {5922F559-7E18-4746-A6FD-581D9BDD7782}
		{D23625E6-B3DD-40DF-8B1F-5A1ECD8C5759} = {5922F559-7E18-4746-A6FD-581D9BDD7782}
		{6980D9CC-A059-4847-A900-BC9E79B00421} = {5922F559-7E18-4746-A6FD-581D9BDD7782}
		{0F86DDED-104C-4F6F-B34E-A2820A1F35D9} = {5922F559-7E18-4746-A6FD-581D9BDD7782}
		{DEA33528-7A4E-4B8B-991B-27C4E9EDBBAC} = {5922F559-7E18-4746-A6FD-581D9BDD7782}
		{EED7C783-627C-41F5-BB52-43D8C05FC209} = {5922F559-7E18-4746-A6FD-581D9BDD7782}
		{D317C891-07BF-4899-8E70-32AE69E60875} = {5922F559-7E18-4746-A6FD-581D9BDD7782}
		{0F15B0BB-6DB5-4A39-B9E8-0933BAD27B84} = {5E985877-4792-4CC1-B874-1DA00E28CE17}
		{37D2E88E-8E5C-4E6F-918A-F14FFD9F4188} = {5E985877-4792-4CC1-B874-1DA00E28CE17}
		{2F918A65-DD18-4684-A30D-892161B26922} = {5E985877-4792-4CC1-B874-1DA00E28CE17}
		{ED7E574C-B127-45A1-81D3-F83B496C0951} = {5E985877-4792-4CC1-B874-1DA00E28CE17}
	EndGlobalSection
	GlobalSection(ExtensibilityGlobals) = postSolution
		SolutionGuid = {CB0DDAD0-D1E6-40A7-BEC2-1FFB0A6E3811}
	EndGlobalSection
EndGlobal
